// !$*UTF8*$!
{
	archiveVersion = 1;
	classes = {
	};
	objectVersion = 50;
	objects = {

/* Begin PBXBuildFile section */
		2F022D6921A3C11D00A1293D /* TagsCollectionViewCell.swift in Sources */ = {isa = PBXBuildFile; fileRef = 2F022D6721A3C11D00A1293D /* TagsCollectionViewCell.swift */; };
		2F022D6A21A3C11D00A1293D /* TagsCollectionViewCell.xib in Resources */ = {isa = PBXBuildFile; fileRef = 2F022D6821A3C11D00A1293D /* TagsCollectionViewCell.xib */; };
		2F022D6C21A3D85B00A1293D /* ModelHourPicker.swift in Sources */ = {isa = PBXBuildFile; fileRef = 2F022D6B21A3D85B00A1293D /* ModelHourPicker.swift */; };
		2F022D6E21A42B7400A1293D /* TextFieldProtocol.swift in Sources */ = {isa = PBXBuildFile; fileRef = 2F022D6D21A42B7400A1293D /* TextFieldProtocol.swift */; };
		2F0DAB4A219AF37800217ED5 /* AppDelegate.swift in Sources */ = {isa = PBXBuildFile; fileRef = 2F0DAB49219AF37800217ED5 /* AppDelegate.swift */; };
		2F0DAB4F219AF37800217ED5 /* Main.storyboard in Resources */ = {isa = PBXBuildFile; fileRef = 2F0DAB4D219AF37800217ED5 /* Main.storyboard */; };
		2F0DAB52219AF37800217ED5 /* Pomar.xcdatamodeld in Sources */ = {isa = PBXBuildFile; fileRef = 2F0DAB50219AF37800217ED5 /* Pomar.xcdatamodeld */; };
		2F0DAB54219AF37A00217ED5 /* Assets.xcassets in Resources */ = {isa = PBXBuildFile; fileRef = 2F0DAB53219AF37A00217ED5 /* Assets.xcassets */; };
		2F0DAB57219AF37A00217ED5 /* LaunchScreen.storyboard in Resources */ = {isa = PBXBuildFile; fileRef = 2F0DAB55219AF37A00217ED5 /* LaunchScreen.storyboard */; };
		2F0DAB62219AF37A00217ED5 /* PomarTests.swift in Sources */ = {isa = PBXBuildFile; fileRef = 2F0DAB61219AF37A00217ED5 /* PomarTests.swift */; };
		2F0DAB6D219AF37A00217ED5 /* PomarUITests.swift in Sources */ = {isa = PBXBuildFile; fileRef = 2F0DAB6C219AF37A00217ED5 /* PomarUITests.swift */; };
		2F0DAB82219AFA7C00217ED5 /* CloudKit.framework in Frameworks */ = {isa = PBXBuildFile; fileRef = 2F0DAB81219AFA7C00217ED5 /* CloudKit.framework */; };
		2F0DAB85219B020000217ED5 /* Groups.storyboard in Resources */ = {isa = PBXBuildFile; fileRef = 2F0DAB84219B020000217ED5 /* Groups.storyboard */; };
		2F0DAB87219B021C00217ED5 /* Questions.storyboard in Resources */ = {isa = PBXBuildFile; fileRef = 2F0DAB86219B021C00217ED5 /* Questions.storyboard */; };
		2F0DAB89219B022A00217ED5 /* Profile.storyboard in Resources */ = {isa = PBXBuildFile; fileRef = 2F0DAB88219B022A00217ED5 /* Profile.storyboard */; };
		2F0DAB8B219B026300217ED5 /* Missions.storyboard in Resources */ = {isa = PBXBuildFile; fileRef = 2F0DAB8A219B026300217ED5 /* Missions.storyboard */; };
		2F0DAB8D219B076C00217ED5 /* StudyGroupsViewController.swift in Sources */ = {isa = PBXBuildFile; fileRef = 2F0DAB8C219B076C00217ED5 /* StudyGroupsViewController.swift */; };
		2F0DAB9A219DC3BE00217ED5 /* GroupsCollectionViewCell.swift in Sources */ = {isa = PBXBuildFile; fileRef = 2F0DAB98219DC3BE00217ED5 /* GroupsCollectionViewCell.swift */; };
		2F0DAB9B219DC3BE00217ED5 /* GroupsCollectionViewCell.xib in Resources */ = {isa = PBXBuildFile; fileRef = 2F0DAB99219DC3BE00217ED5 /* GroupsCollectionViewCell.xib */; };
		2F0DAB9D21A2E58F00217ED5 /* AddGroupPart1ViewController.swift in Sources */ = {isa = PBXBuildFile; fileRef = 2F0DAB9C21A2E58F00217ED5 /* AddGroupPart1ViewController.swift */; };
		2F0DAB9F21A2E59E00217ED5 /* AddGroupPart2ViewController.swift in Sources */ = {isa = PBXBuildFile; fileRef = 2F0DAB9E21A2E59E00217ED5 /* AddGroupPart2ViewController.swift */; };
		2F0DABA221A2EB1D00217ED5 /* Validation.swift in Sources */ = {isa = PBXBuildFile; fileRef = 2F0DABA121A2EB1D00217ED5 /* Validation.swift */; };
		2F0DABA421A3505F00217ED5 /* ModelDayPicker.swift in Sources */ = {isa = PBXBuildFile; fileRef = 2F0DABA321A3505F00217ED5 /* ModelDayPicker.swift */; };
		2F3DDEE721ADC34700A97CA2 /* Initial.storyboard in Resources */ = {isa = PBXBuildFile; fileRef = 2F3DDEE621ADC34700A97CA2 /* Initial.storyboard */; };
		2F3DDEEA21ADD01F00A97CA2 /* UserMoney.xib in Resources */ = {isa = PBXBuildFile; fileRef = 2F3DDEE921ADD01F00A97CA2 /* UserMoney.xib */; };
		2F3DDEEC21ADD13500A97CA2 /* UserMoney.swift in Sources */ = {isa = PBXBuildFile; fileRef = 2F3DDEEB21ADD13500A97CA2 /* UserMoney.swift */; };
		2F3DDEF121AF8F8500A97CA2 /* CustomHeader.xib in Resources */ = {isa = PBXBuildFile; fileRef = 2F3DDEF021AF8F8500A97CA2 /* CustomHeader.xib */; };
		2F3DDEF321AF911A00A97CA2 /* CustomHeader.swift in Sources */ = {isa = PBXBuildFile; fileRef = 2F3DDEF221AF911A00A97CA2 /* CustomHeader.swift */; };
		2F3DDEF621B023D700A97CA2 /* HeaderCollectionViewCell.swift in Sources */ = {isa = PBXBuildFile; fileRef = 2F3DDEF421B023D700A97CA2 /* HeaderCollectionViewCell.swift */; };
		2F3DDEF721B023D700A97CA2 /* HeaderCollectionViewCell.xib in Resources */ = {isa = PBXBuildFile; fileRef = 2F3DDEF521B023D700A97CA2 /* HeaderCollectionViewCell.xib */; };
		2F3DDEF921B046D600A97CA2 /* ModelTag.swift in Sources */ = {isa = PBXBuildFile; fileRef = 2F3DDEF821B046D600A97CA2 /* ModelTag.swift */; };
		2FCCE0E421B4E1E5002BC3D3 /* TestingViewController.swift in Sources */ = {isa = PBXBuildFile; fileRef = 2FCCE0E321B4E1E5002BC3D3 /* TestingViewController.swift */; };
		2FCCE0E921B4F8E0002BC3D3 /* DateAndTime.swift in Sources */ = {isa = PBXBuildFile; fileRef = 2FCCE0E821B4F8E0002BC3D3 /* DateAndTime.swift */; };
		2FCCE0EB21B4F8ED002BC3D3 /* DateAndTime.xib in Resources */ = {isa = PBXBuildFile; fileRef = 2FCCE0EA21B4F8ED002BC3D3 /* DateAndTime.xib */; };
		2FCCE0ED21B56186002BC3D3 /* DetailsViewController.swift in Sources */ = {isa = PBXBuildFile; fileRef = 2FCCE0EC21B56186002BC3D3 /* DetailsViewController.swift */; };
		2FCCE0FD21B5A3EF002BC3D3 /* Instantiable.swift in Sources */ = {isa = PBXBuildFile; fileRef = 2FCCE0FC21B5A3EF002BC3D3 /* Instantiable.swift */; };
		2FCCE10821B5E74C002BC3D3 /* ButtonsCollectionViewCell.swift in Sources */ = {isa = PBXBuildFile; fileRef = 2FCCE10621B5E74C002BC3D3 /* ButtonsCollectionViewCell.swift */; };
		2FCCE10921B5E74C002BC3D3 /* ButtonsCollectionViewCell.xib in Resources */ = {isa = PBXBuildFile; fileRef = 2FCCE10721B5E74C002BC3D3 /* ButtonsCollectionViewCell.xib */; };
		2FCCE10C21B5EAF4002BC3D3 /* LabelsCollectionViewCell.swift in Sources */ = {isa = PBXBuildFile; fileRef = 2FCCE10A21B5EAF4002BC3D3 /* LabelsCollectionViewCell.swift */; };
		2FCCE10D21B5EAF4002BC3D3 /* LabelsCollectionViewCell.xib in Resources */ = {isa = PBXBuildFile; fileRef = 2FCCE10B21B5EAF4002BC3D3 /* LabelsCollectionViewCell.xib */; };
		2FCCE11421B5F196002BC3D3 /* ShowTagsCollectionViewCell.swift in Sources */ = {isa = PBXBuildFile; fileRef = 2FCCE11221B5F196002BC3D3 /* ShowTagsCollectionViewCell.swift */; };
		2FCCE11521B5F196002BC3D3 /* ShowTagsCollectionViewCell.xib in Resources */ = {isa = PBXBuildFile; fileRef = 2FCCE11321B5F196002BC3D3 /* ShowTagsCollectionViewCell.xib */; };
		2FCCE11821B6019C002BC3D3 /* DateCollectionViewCell.swift in Sources */ = {isa = PBXBuildFile; fileRef = 2FCCE11621B6019C002BC3D3 /* DateCollectionViewCell.swift */; };
		2FCCE11921B6019C002BC3D3 /* DateCollectionViewCell.xib in Resources */ = {isa = PBXBuildFile; fileRef = 2FCCE11721B6019C002BC3D3 /* DateCollectionViewCell.xib */; };
		2FCCE11C21B64B13002BC3D3 /* ParticipantsCollectionViewCell.swift in Sources */ = {isa = PBXBuildFile; fileRef = 2FCCE11A21B64B13002BC3D3 /* ParticipantsCollectionViewCell.swift */; };
		2FCCE11D21B64B13002BC3D3 /* ParticipantsCollectionViewCell.xib in Resources */ = {isa = PBXBuildFile; fileRef = 2FCCE11B21B64B13002BC3D3 /* ParticipantsCollectionViewCell.xib */; };
		2FCCE12021B64BC1002BC3D3 /* MembersCollectionViewCell.swift in Sources */ = {isa = PBXBuildFile; fileRef = 2FCCE11E21B64BC1002BC3D3 /* MembersCollectionViewCell.swift */; };
		2FCCE12121B64BC1002BC3D3 /* MembersCollectionViewCell.xib in Resources */ = {isa = PBXBuildFile; fileRef = 2FCCE11F21B64BC1002BC3D3 /* MembersCollectionViewCell.xib */; };
		2FCCE12321B64D1F002BC3D3 /* ModelCollection.swift in Sources */ = {isa = PBXBuildFile; fileRef = 2FCCE12221B64D1F002BC3D3 /* ModelCollection.swift */; };
		2FE3665821B690F200D7D909 /* InitialViewController.swift in Sources */ = {isa = PBXBuildFile; fileRef = 2FE3665721B690F200D7D909 /* InitialViewController.swift */; };
		570B037E21B9652500CB37B4 /* Group.swift in Sources */ = {isa = PBXBuildFile; fileRef = DCE87265219B0C8D008F78BE /* Group.swift */; };
		570B037F21B9652F00CB37B4 /* CKManager.swift in Sources */ = {isa = PBXBuildFile; fileRef = DCE8726A219C53DF008F78BE /* CKManager.swift */; };
		570B038021B9656800CB37B4 /* DaySchedule.swift in Sources */ = {isa = PBXBuildFile; fileRef = DCE87274219CB1F9008F78BE /* DaySchedule.swift */; };
		570B038121B9658A00CB37B4 /* AppleType.swift in Sources */ = {isa = PBXBuildFile; fileRef = DC66117A21AD7F7400D329DA /* AppleType.swift */; };
		570B038221B9659100CB37B4 /* Apples.swift in Sources */ = {isa = PBXBuildFile; fileRef = DC74C1E521B1D5EA00C829B2 /* Apples.swift */; };
		570B038321B965D400CB37B4 /* User.swift in Sources */ = {isa = PBXBuildFile; fileRef = DCE87268219B4FFB008F78BE /* User.swift */; };
		576DD71B21B7F4A600E7A769 /* FeedbackGroup.swift in Sources */ = {isa = PBXBuildFile; fileRef = 576DD71A21B7F4A600E7A769 /* FeedbackGroup.swift */; };
		576DD72221B7FC3E00E7A769 /* Interface.storyboard in Resources */ = {isa = PBXBuildFile; fileRef = 576DD72021B7FC3E00E7A769 /* Interface.storyboard */; };
		576DD72421B7FC4100E7A769 /* Assets.xcassets in Resources */ = {isa = PBXBuildFile; fileRef = 576DD72321B7FC4100E7A769 /* Assets.xcassets */; };
		576DD72B21B7FC4100E7A769 /* PomarKit Extension.appex in Embed App Extensions */ = {isa = PBXBuildFile; fileRef = 576DD72A21B7FC4100E7A769 /* PomarKit Extension.appex */; settings = {ATTRIBUTES = (RemoveHeadersOnCopy, ); }; };
		576DD73221B7FC4100E7A769 /* ExtensionDelegate.swift in Sources */ = {isa = PBXBuildFile; fileRef = 576DD73121B7FC4100E7A769 /* ExtensionDelegate.swift */; };
		576DD73421B7FC4100E7A769 /* NotificationController.swift in Sources */ = {isa = PBXBuildFile; fileRef = 576DD73321B7FC4100E7A769 /* NotificationController.swift */; };
		576DD73621B7FC4200E7A769 /* Assets.xcassets in Resources */ = {isa = PBXBuildFile; fileRef = 576DD73521B7FC4200E7A769 /* Assets.xcassets */; };
		576DD73B21B7FC4200E7A769 /* PomarKit.app in Embed Watch Content */ = {isa = PBXBuildFile; fileRef = 576DD71E21B7FC3E00E7A769 /* PomarKit.app */; };
		576DD74521B806CA00E7A769 /* GroupInterfaceController.swift in Sources */ = {isa = PBXBuildFile; fileRef = 576DD74421B806CA00E7A769 /* GroupInterfaceController.swift */; };
		576DD75421B9422300E7A769 /* RowCellController.swift in Sources */ = {isa = PBXBuildFile; fileRef = 576DD75321B9422300E7A769 /* RowCellController.swift */; };
		576DD75721B9574600E7A769 /* CloudKit.framework in Frameworks */ = {isa = PBXBuildFile; fileRef = 576DD75621B9574600E7A769 /* CloudKit.framework */; };
		9205F20F21AC215900F5CA73 /* Tutorial.storyboard in Resources */ = {isa = PBXBuildFile; fileRef = 9205F20E21AC215900F5CA73 /* Tutorial.storyboard */; };
		9205F21321AC238100F5CA73 /* TutorialViewController.swift in Sources */ = {isa = PBXBuildFile; fileRef = 9205F21121AC238100F5CA73 /* TutorialViewController.swift */; };
		9205F21621AC30DD00F5CA73 /* SlideTutorial.xib in Resources */ = {isa = PBXBuildFile; fileRef = 9205F21521AC30DD00F5CA73 /* SlideTutorial.xib */; };
		9205F21821AC322400F5CA73 /* SlideTutorial.swift in Sources */ = {isa = PBXBuildFile; fileRef = 9205F21721AC322400F5CA73 /* SlideTutorial.swift */; };
		9206BDB621AD6AE50013437F /* FinalTutorial.xib in Resources */ = {isa = PBXBuildFile; fileRef = 9206BDB521AD6AE50013437F /* FinalTutorial.xib */; };
		9206BDB821AD6ED40013437F /* FinalTutorial.swift in Sources */ = {isa = PBXBuildFile; fileRef = 9206BDB721AD6ED40013437F /* FinalTutorial.swift */; };
		92269E5721AED7EF0053DAB5 /* NewGroup.storyboard in Resources */ = {isa = PBXBuildFile; fileRef = 92269E5621AED7EF0053DAB5 /* NewGroup.storyboard */; };
		92269E5921AED9010053DAB5 /* AddNewGroupViewController.swift in Sources */ = {isa = PBXBuildFile; fileRef = 92269E5821AED9010053DAB5 /* AddNewGroupViewController.swift */; };
		92269E9721B01BC40053DAB5 /* DescriptionTableViewCell.swift in Sources */ = {isa = PBXBuildFile; fileRef = 92269E9521B01BC30053DAB5 /* DescriptionTableViewCell.swift */; };
		92269E9821B01BC40053DAB5 /* DescriptionTableViewCell.xib in Resources */ = {isa = PBXBuildFile; fileRef = 92269E9621B01BC30053DAB5 /* DescriptionTableViewCell.xib */; };
		92A470FF21B5BA1A002E7C46 /* DatePickerView.swift in Sources */ = {isa = PBXBuildFile; fileRef = 92A470FE21B5BA19002E7C46 /* DatePickerView.swift */; };
		92A4710321B5BA44002E7C46 /* DatePickerView.xib in Resources */ = {isa = PBXBuildFile; fileRef = 92A4710221B5BA44002E7C46 /* DatePickerView.xib */; };
		92BFF21721B029CF00026FE8 /* TagsTableViewCell.swift in Sources */ = {isa = PBXBuildFile; fileRef = 92BFF21521B029CF00026FE8 /* TagsTableViewCell.swift */; };
		92BFF21821B029CF00026FE8 /* TagsTableViewCell.xib in Resources */ = {isa = PBXBuildFile; fileRef = 92BFF21621B029CF00026FE8 /* TagsTableViewCell.xib */; };
		92BFF23321B197AD00026FE8 /* Subjects.swift in Sources */ = {isa = PBXBuildFile; fileRef = 92BFF23221B197AD00026FE8 /* Subjects.swift */; };
		92BFF23721B3513500026FE8 /* TagsCollectionViewDelegateAndDataSource.swift in Sources */ = {isa = PBXBuildFile; fileRef = 92BFF23621B3513500026FE8 /* TagsCollectionViewDelegateAndDataSource.swift */; };
		92BFF23921B354B000026FE8 /* TagsSuggestionCollectionViewCell.swift in Sources */ = {isa = PBXBuildFile; fileRef = 92BFF23821B354B000026FE8 /* TagsSuggestionCollectionViewCell.swift */; };
		92ED0C2921B572C800AA32CB /* CalendarTableViewCell.swift in Sources */ = {isa = PBXBuildFile; fileRef = 92ED0C2721B572C800AA32CB /* CalendarTableViewCell.swift */; };
		92ED0C2A21B572C800AA32CB /* CalendarTableViewCell.xib in Resources */ = {isa = PBXBuildFile; fileRef = 92ED0C2821B572C800AA32CB /* CalendarTableViewCell.xib */; };
		92ED0C2C21B57ACB00AA32CB /* HourCollectionViewDelegateAndDataSource.swift in Sources */ = {isa = PBXBuildFile; fileRef = 92ED0C2B21B57ACB00AA32CB /* HourCollectionViewDelegateAndDataSource.swift */; };
		92ED0C2E21B57C0600AA32CB /* HourCollectionViewCell.swift in Sources */ = {isa = PBXBuildFile; fileRef = 92ED0C2D21B57C0600AA32CB /* HourCollectionViewCell.swift */; };
		DC0296CC21B7EE480055D61C /* CreateUser.storyboard in Resources */ = {isa = PBXBuildFile; fileRef = DC0296CB21B7EE480055D61C /* CreateUser.storyboard */; };
		DC0296CE21B7EF5E0055D61C /* UserProfile.storyboard in Resources */ = {isa = PBXBuildFile; fileRef = DC0296CD21B7EF5E0055D61C /* UserProfile.storyboard */; };
		DC0296D021B7F3F20055D61C /* CreateUserViewController.swift in Sources */ = {isa = PBXBuildFile; fileRef = DC0296CF21B7F3F20055D61C /* CreateUserViewController.swift */; };
		DC20EDE921BEA6A80060CEC8 /* AlertError.swift in Sources */ = {isa = PBXBuildFile; fileRef = DC20EDE821BEA6A80060CEC8 /* AlertError.swift */; };
		92444D4821BEB1DF00F4E6AF /* BadgesCollectionViewCell.swift in Sources */ = {isa = PBXBuildFile; fileRef = 92444D4621BEB1DF00F4E6AF /* BadgesCollectionViewCell.swift */; };
		92444D4921BEB1E000F4E6AF /* BadgesCollectionViewCell.xib in Resources */ = {isa = PBXBuildFile; fileRef = 92444D4721BEB1DF00F4E6AF /* BadgesCollectionViewCell.xib */; };
		92A4711021B955E4002E7C46 /* Exchange.storyboard in Resources */ = {isa = PBXBuildFile; fileRef = 92A4710F21B955E4002E7C46 /* Exchange.storyboard */; };
		92A4711321B96367002E7C46 /* ValueCoin.xib in Resources */ = {isa = PBXBuildFile; fileRef = 92A4711221B96367002E7C46 /* ValueCoin.xib */; };
		92A4711521B96534002E7C46 /* ValueCoin.swift in Sources */ = {isa = PBXBuildFile; fileRef = 92A4711421B96534002E7C46 /* ValueCoin.swift */; };
		92A4711821B99F62002E7C46 /* ExchangeViewController.swift in Sources */ = {isa = PBXBuildFile; fileRef = 92A4711721B99F62002E7C46 /* ExchangeViewController.swift */; };
		92FE184121BDF8500069AA99 /* ProfileViewController.swift in Sources */ = {isa = PBXBuildFile; fileRef = 92FE184021BDF8500069AA99 /* ProfileViewController.swift */; };
		92FE184321BDFB760069AA99 /* CollectionSkillsDelegateAndDataSource.swift in Sources */ = {isa = PBXBuildFile; fileRef = 92FE184221BDFB760069AA99 /* CollectionSkillsDelegateAndDataSource.swift */; };
		92FE184521BDFBB10069AA99 /* CollectionBadgesDelegateAndDataSource.swift in Sources */ = {isa = PBXBuildFile; fileRef = 92FE184421BDFBB10069AA99 /* CollectionBadgesDelegateAndDataSource.swift */; };
		92FE184721BDFF410069AA99 /* SkillsCollectionViewCell.swift in Sources */ = {isa = PBXBuildFile; fileRef = 92FE184621BDFF410069AA99 /* SkillsCollectionViewCell.swift */; };
		DC66117B21AD7F7400D329DA /* AppleType.swift in Sources */ = {isa = PBXBuildFile; fileRef = DC66117A21AD7F7400D329DA /* AppleType.swift */; };
		DC66117D21AD86AF00D329DA /* GroupTests.swift in Sources */ = {isa = PBXBuildFile; fileRef = DC66117C21AD86AF00D329DA /* GroupTests.swift */; };
		DC66117F21AD86DA00D329DA /* UserTests.swift in Sources */ = {isa = PBXBuildFile; fileRef = DC66117E21AD86DA00D329DA /* UserTests.swift */; };
		DC74C1B121AED0C200C829B2 /* Feedback.storyboard in Resources */ = {isa = PBXBuildFile; fileRef = DC74C1B021AED0C200C829B2 /* Feedback.storyboard */; };
		DC74C1B321AED15600C829B2 /* FeedbackViewController.swift in Sources */ = {isa = PBXBuildFile; fileRef = DC74C1B221AED15600C829B2 /* FeedbackViewController.swift */; };
		DC74C1E321B0671000C829B2 /* UserViewCell.swift in Sources */ = {isa = PBXBuildFile; fileRef = DC74C1E121B0671000C829B2 /* UserViewCell.swift */; };
		DC74C1E421B0671000C829B2 /* UserViewCell.xib in Resources */ = {isa = PBXBuildFile; fileRef = DC74C1E221B0671000C829B2 /* UserViewCell.xib */; };
		DC74C1E621B1D5EA00C829B2 /* Apples.swift in Sources */ = {isa = PBXBuildFile; fileRef = DC74C1E521B1D5EA00C829B2 /* Apples.swift */; };
		DC74C1E821B372C000C829B2 /* ApplesTests.swift in Sources */ = {isa = PBXBuildFile; fileRef = DC74C1E721B372C000C829B2 /* ApplesTests.swift */; };
		DC74C1EA21B48C2800C829B2 /* AppleTypeTests.swift in Sources */ = {isa = PBXBuildFile; fileRef = DC74C1E921B48C2800C829B2 /* AppleTypeTests.swift */; };
		DC74C1EC21B5514B00C829B2 /* AppleShape.swift in Sources */ = {isa = PBXBuildFile; fileRef = DC74C1EB21B5514B00C829B2 /* AppleShape.swift */; };
		DCA6E34821BA9B60000E75A2 /* KeychainWrapper.swift in Sources */ = {isa = PBXBuildFile; fileRef = DCA6E34721BA9B60000E75A2 /* KeychainWrapper.swift */; };
		DCA6E34A21BA9BBF000E75A2 /* KeychainAcessibility.swift in Sources */ = {isa = PBXBuildFile; fileRef = DCA6E34921BA9BBF000E75A2 /* KeychainAcessibility.swift */; };
		DCE87266219B0C8D008F78BE /* Group.swift in Sources */ = {isa = PBXBuildFile; fileRef = DCE87265219B0C8D008F78BE /* Group.swift */; };
		DCE87269219B4FFB008F78BE /* User.swift in Sources */ = {isa = PBXBuildFile; fileRef = DCE87268219B4FFB008F78BE /* User.swift */; };
		DCE8726B219C53DF008F78BE /* CKManager.swift in Sources */ = {isa = PBXBuildFile; fileRef = DCE8726A219C53DF008F78BE /* CKManager.swift */; };
		DCE87275219CB1F9008F78BE /* DaySchedule.swift in Sources */ = {isa = PBXBuildFile; fileRef = DCE87274219CB1F9008F78BE /* DaySchedule.swift */; };
		DCEF355F21B810B80025B699 /* WSTagsField.swift in Sources */ = {isa = PBXBuildFile; fileRef = DCEF355A21B810B80025B699 /* WSTagsField.swift */; };
		DCEF356021B810B80025B699 /* Constants.swift in Sources */ = {isa = PBXBuildFile; fileRef = DCEF355B21B810B80025B699 /* Constants.swift */; };
		DCEF356121B810B80025B699 /* WSTag.swift in Sources */ = {isa = PBXBuildFile; fileRef = DCEF355C21B810B80025B699 /* WSTag.swift */; };
		DCEF356221B810B80025B699 /* WSTagView.swift in Sources */ = {isa = PBXBuildFile; fileRef = DCEF355D21B810B80025B699 /* WSTagView.swift */; };
		DCEF356321B810B80025B699 /* BackspaceDetectingTextField.swift in Sources */ = {isa = PBXBuildFile; fileRef = DCEF355E21B810B80025B699 /* BackspaceDetectingTextField.swift */; };
/* End PBXBuildFile section */

/* Begin PBXContainerItemProxy section */
		2F0DAB5E219AF37A00217ED5 /* PBXContainerItemProxy */ = {
			isa = PBXContainerItemProxy;
			containerPortal = 2F0DAB3E219AF37800217ED5 /* Project object */;
			proxyType = 1;
			remoteGlobalIDString = 2F0DAB45219AF37800217ED5;
			remoteInfo = Pomar;
		};
		2F0DAB69219AF37A00217ED5 /* PBXContainerItemProxy */ = {
			isa = PBXContainerItemProxy;
			containerPortal = 2F0DAB3E219AF37800217ED5 /* Project object */;
			proxyType = 1;
			remoteGlobalIDString = 2F0DAB45219AF37800217ED5;
			remoteInfo = Pomar;
		};
		576DD72C21B7FC4100E7A769 /* PBXContainerItemProxy */ = {
			isa = PBXContainerItemProxy;
			containerPortal = 2F0DAB3E219AF37800217ED5 /* Project object */;
			proxyType = 1;
			remoteGlobalIDString = 576DD72921B7FC4100E7A769;
			remoteInfo = "PomarKit Extension";
		};
		576DD73921B7FC4200E7A769 /* PBXContainerItemProxy */ = {
			isa = PBXContainerItemProxy;
			containerPortal = 2F0DAB3E219AF37800217ED5 /* Project object */;
			proxyType = 1;
			remoteGlobalIDString = 576DD71D21B7FC3E00E7A769;
			remoteInfo = PomarKit;
		};
/* End PBXContainerItemProxy section */

/* Begin PBXCopyFilesBuildPhase section */
		576DD74121B7FC4200E7A769 /* Embed App Extensions */ = {
			isa = PBXCopyFilesBuildPhase;
			buildActionMask = 2147483647;
			dstPath = "";
			dstSubfolderSpec = 13;
			files = (
				576DD72B21B7FC4100E7A769 /* PomarKit Extension.appex in Embed App Extensions */,
			);
			name = "Embed App Extensions";
			runOnlyForDeploymentPostprocessing = 0;
		};
		576DD74321B7FC4200E7A769 /* Embed Watch Content */ = {
			isa = PBXCopyFilesBuildPhase;
			buildActionMask = 2147483647;
			dstPath = "$(CONTENTS_FOLDER_PATH)/Watch";
			dstSubfolderSpec = 16;
			files = (
				576DD73B21B7FC4200E7A769 /* PomarKit.app in Embed Watch Content */,
			);
			name = "Embed Watch Content";
			runOnlyForDeploymentPostprocessing = 0;
		};
/* End PBXCopyFilesBuildPhase section */

/* Begin PBXFileReference section */
		2F022D6721A3C11D00A1293D /* TagsCollectionViewCell.swift */ = {isa = PBXFileReference; lastKnownFileType = sourcecode.swift; path = TagsCollectionViewCell.swift; sourceTree = "<group>"; };
		2F022D6821A3C11D00A1293D /* TagsCollectionViewCell.xib */ = {isa = PBXFileReference; lastKnownFileType = file.xib; path = TagsCollectionViewCell.xib; sourceTree = "<group>"; };
		2F022D6B21A3D85B00A1293D /* ModelHourPicker.swift */ = {isa = PBXFileReference; lastKnownFileType = sourcecode.swift; path = ModelHourPicker.swift; sourceTree = "<group>"; };
		2F022D6D21A42B7400A1293D /* TextFieldProtocol.swift */ = {isa = PBXFileReference; lastKnownFileType = sourcecode.swift; path = TextFieldProtocol.swift; sourceTree = "<group>"; };
		2F0DAB46219AF37800217ED5 /* Pomar.app */ = {isa = PBXFileReference; explicitFileType = wrapper.application; includeInIndex = 0; path = Pomar.app; sourceTree = BUILT_PRODUCTS_DIR; };
		2F0DAB49219AF37800217ED5 /* AppDelegate.swift */ = {isa = PBXFileReference; lastKnownFileType = sourcecode.swift; path = AppDelegate.swift; sourceTree = "<group>"; };
		2F0DAB4E219AF37800217ED5 /* Base */ = {isa = PBXFileReference; lastKnownFileType = file.storyboard; name = Base; path = Base.lproj/Main.storyboard; sourceTree = "<group>"; };
		2F0DAB51219AF37800217ED5 /* Pomar.xcdatamodel */ = {isa = PBXFileReference; lastKnownFileType = wrapper.xcdatamodel; path = Pomar.xcdatamodel; sourceTree = "<group>"; };
		2F0DAB53219AF37A00217ED5 /* Assets.xcassets */ = {isa = PBXFileReference; lastKnownFileType = folder.assetcatalog; path = Assets.xcassets; sourceTree = "<group>"; };
		2F0DAB56219AF37A00217ED5 /* Base */ = {isa = PBXFileReference; lastKnownFileType = file.storyboard; name = Base; path = Base.lproj/LaunchScreen.storyboard; sourceTree = "<group>"; };
		2F0DAB58219AF37A00217ED5 /* Info.plist */ = {isa = PBXFileReference; lastKnownFileType = text.plist.xml; path = Info.plist; sourceTree = "<group>"; };
		2F0DAB5D219AF37A00217ED5 /* PomarTests.xctest */ = {isa = PBXFileReference; explicitFileType = wrapper.cfbundle; includeInIndex = 0; path = PomarTests.xctest; sourceTree = BUILT_PRODUCTS_DIR; };
		2F0DAB61219AF37A00217ED5 /* PomarTests.swift */ = {isa = PBXFileReference; lastKnownFileType = sourcecode.swift; path = PomarTests.swift; sourceTree = "<group>"; };
		2F0DAB63219AF37A00217ED5 /* Info.plist */ = {isa = PBXFileReference; lastKnownFileType = text.plist.xml; path = Info.plist; sourceTree = "<group>"; };
		2F0DAB68219AF37A00217ED5 /* PomarUITests.xctest */ = {isa = PBXFileReference; explicitFileType = wrapper.cfbundle; includeInIndex = 0; path = PomarUITests.xctest; sourceTree = BUILT_PRODUCTS_DIR; };
		2F0DAB6C219AF37A00217ED5 /* PomarUITests.swift */ = {isa = PBXFileReference; lastKnownFileType = sourcecode.swift; path = PomarUITests.swift; sourceTree = "<group>"; };
		2F0DAB6E219AF37A00217ED5 /* Info.plist */ = {isa = PBXFileReference; lastKnownFileType = text.plist.xml; path = Info.plist; sourceTree = "<group>"; };
		2F0DAB7D219AF9E400217ED5 /* Pomar.entitlements */ = {isa = PBXFileReference; lastKnownFileType = text.plist.entitlements; path = Pomar.entitlements; sourceTree = "<group>"; };
		2F0DAB81219AFA7C00217ED5 /* CloudKit.framework */ = {isa = PBXFileReference; lastKnownFileType = wrapper.framework; name = CloudKit.framework; path = System/Library/Frameworks/CloudKit.framework; sourceTree = SDKROOT; };
		2F0DAB84219B020000217ED5 /* Groups.storyboard */ = {isa = PBXFileReference; lastKnownFileType = file.storyboard; path = Groups.storyboard; sourceTree = "<group>"; };
		2F0DAB86219B021C00217ED5 /* Questions.storyboard */ = {isa = PBXFileReference; lastKnownFileType = file.storyboard; path = Questions.storyboard; sourceTree = "<group>"; };
		2F0DAB88219B022A00217ED5 /* Profile.storyboard */ = {isa = PBXFileReference; lastKnownFileType = file.storyboard; path = Profile.storyboard; sourceTree = "<group>"; };
		2F0DAB8A219B026300217ED5 /* Missions.storyboard */ = {isa = PBXFileReference; lastKnownFileType = file.storyboard; path = Missions.storyboard; sourceTree = "<group>"; };
		2F0DAB8C219B076C00217ED5 /* StudyGroupsViewController.swift */ = {isa = PBXFileReference; lastKnownFileType = sourcecode.swift; path = StudyGroupsViewController.swift; sourceTree = "<group>"; };
		2F0DAB98219DC3BE00217ED5 /* GroupsCollectionViewCell.swift */ = {isa = PBXFileReference; lastKnownFileType = sourcecode.swift; path = GroupsCollectionViewCell.swift; sourceTree = "<group>"; };
		2F0DAB99219DC3BE00217ED5 /* GroupsCollectionViewCell.xib */ = {isa = PBXFileReference; lastKnownFileType = file.xib; path = GroupsCollectionViewCell.xib; sourceTree = "<group>"; };
		2F0DAB9C21A2E58F00217ED5 /* AddGroupPart1ViewController.swift */ = {isa = PBXFileReference; lastKnownFileType = sourcecode.swift; path = AddGroupPart1ViewController.swift; sourceTree = "<group>"; };
		2F0DAB9E21A2E59E00217ED5 /* AddGroupPart2ViewController.swift */ = {isa = PBXFileReference; lastKnownFileType = sourcecode.swift; path = AddGroupPart2ViewController.swift; sourceTree = "<group>"; };
		2F0DABA121A2EB1D00217ED5 /* Validation.swift */ = {isa = PBXFileReference; lastKnownFileType = sourcecode.swift; path = Validation.swift; sourceTree = "<group>"; };
		2F0DABA321A3505F00217ED5 /* ModelDayPicker.swift */ = {isa = PBXFileReference; lastKnownFileType = sourcecode.swift; path = ModelDayPicker.swift; sourceTree = "<group>"; };
		2F3DDEE621ADC34700A97CA2 /* Initial.storyboard */ = {isa = PBXFileReference; fileEncoding = 4; lastKnownFileType = file.storyboard; path = Initial.storyboard; sourceTree = "<group>"; };
		2F3DDEE921ADD01F00A97CA2 /* UserMoney.xib */ = {isa = PBXFileReference; lastKnownFileType = file.xib; path = UserMoney.xib; sourceTree = "<group>"; };
		2F3DDEEB21ADD13500A97CA2 /* UserMoney.swift */ = {isa = PBXFileReference; lastKnownFileType = sourcecode.swift; path = UserMoney.swift; sourceTree = "<group>"; };
		2F3DDEF021AF8F8500A97CA2 /* CustomHeader.xib */ = {isa = PBXFileReference; lastKnownFileType = file.xib; path = CustomHeader.xib; sourceTree = "<group>"; };
		2F3DDEF221AF911A00A97CA2 /* CustomHeader.swift */ = {isa = PBXFileReference; lastKnownFileType = sourcecode.swift; path = CustomHeader.swift; sourceTree = "<group>"; };
		2F3DDEF421B023D700A97CA2 /* HeaderCollectionViewCell.swift */ = {isa = PBXFileReference; lastKnownFileType = sourcecode.swift; path = HeaderCollectionViewCell.swift; sourceTree = "<group>"; };
		2F3DDEF521B023D700A97CA2 /* HeaderCollectionViewCell.xib */ = {isa = PBXFileReference; lastKnownFileType = file.xib; path = HeaderCollectionViewCell.xib; sourceTree = "<group>"; };
		2F3DDEF821B046D600A97CA2 /* ModelTag.swift */ = {isa = PBXFileReference; lastKnownFileType = sourcecode.swift; path = ModelTag.swift; sourceTree = "<group>"; };
		2FCCE0E321B4E1E5002BC3D3 /* TestingViewController.swift */ = {isa = PBXFileReference; lastKnownFileType = sourcecode.swift; path = TestingViewController.swift; sourceTree = "<group>"; };
		2FCCE0E821B4F8E0002BC3D3 /* DateAndTime.swift */ = {isa = PBXFileReference; lastKnownFileType = sourcecode.swift; path = DateAndTime.swift; sourceTree = "<group>"; };
		2FCCE0EA21B4F8ED002BC3D3 /* DateAndTime.xib */ = {isa = PBXFileReference; lastKnownFileType = file.xib; path = DateAndTime.xib; sourceTree = "<group>"; };
		2FCCE0EC21B56186002BC3D3 /* DetailsViewController.swift */ = {isa = PBXFileReference; lastKnownFileType = sourcecode.swift; path = DetailsViewController.swift; sourceTree = "<group>"; };
		2FCCE0FC21B5A3EF002BC3D3 /* Instantiable.swift */ = {isa = PBXFileReference; lastKnownFileType = sourcecode.swift; path = Instantiable.swift; sourceTree = "<group>"; };
		2FCCE10621B5E74C002BC3D3 /* ButtonsCollectionViewCell.swift */ = {isa = PBXFileReference; lastKnownFileType = sourcecode.swift; path = ButtonsCollectionViewCell.swift; sourceTree = "<group>"; };
		2FCCE10721B5E74C002BC3D3 /* ButtonsCollectionViewCell.xib */ = {isa = PBXFileReference; lastKnownFileType = file.xib; path = ButtonsCollectionViewCell.xib; sourceTree = "<group>"; };
		2FCCE10A21B5EAF4002BC3D3 /* LabelsCollectionViewCell.swift */ = {isa = PBXFileReference; lastKnownFileType = sourcecode.swift; path = LabelsCollectionViewCell.swift; sourceTree = "<group>"; };
		2FCCE10B21B5EAF4002BC3D3 /* LabelsCollectionViewCell.xib */ = {isa = PBXFileReference; lastKnownFileType = file.xib; path = LabelsCollectionViewCell.xib; sourceTree = "<group>"; };
		2FCCE11221B5F196002BC3D3 /* ShowTagsCollectionViewCell.swift */ = {isa = PBXFileReference; lastKnownFileType = sourcecode.swift; path = ShowTagsCollectionViewCell.swift; sourceTree = "<group>"; };
		2FCCE11321B5F196002BC3D3 /* ShowTagsCollectionViewCell.xib */ = {isa = PBXFileReference; lastKnownFileType = file.xib; path = ShowTagsCollectionViewCell.xib; sourceTree = "<group>"; };
		2FCCE11621B6019C002BC3D3 /* DateCollectionViewCell.swift */ = {isa = PBXFileReference; lastKnownFileType = sourcecode.swift; path = DateCollectionViewCell.swift; sourceTree = "<group>"; };
		2FCCE11721B6019C002BC3D3 /* DateCollectionViewCell.xib */ = {isa = PBXFileReference; lastKnownFileType = file.xib; path = DateCollectionViewCell.xib; sourceTree = "<group>"; };
		2FCCE11A21B64B13002BC3D3 /* ParticipantsCollectionViewCell.swift */ = {isa = PBXFileReference; lastKnownFileType = sourcecode.swift; path = ParticipantsCollectionViewCell.swift; sourceTree = "<group>"; };
		2FCCE11B21B64B13002BC3D3 /* ParticipantsCollectionViewCell.xib */ = {isa = PBXFileReference; lastKnownFileType = file.xib; path = ParticipantsCollectionViewCell.xib; sourceTree = "<group>"; };
		2FCCE11E21B64BC1002BC3D3 /* MembersCollectionViewCell.swift */ = {isa = PBXFileReference; lastKnownFileType = sourcecode.swift; path = MembersCollectionViewCell.swift; sourceTree = "<group>"; };
		2FCCE11F21B64BC1002BC3D3 /* MembersCollectionViewCell.xib */ = {isa = PBXFileReference; lastKnownFileType = file.xib; path = MembersCollectionViewCell.xib; sourceTree = "<group>"; };
		2FCCE12221B64D1F002BC3D3 /* ModelCollection.swift */ = {isa = PBXFileReference; lastKnownFileType = sourcecode.swift; path = ModelCollection.swift; sourceTree = "<group>"; };
		2FE3665721B690F200D7D909 /* InitialViewController.swift */ = {isa = PBXFileReference; lastKnownFileType = sourcecode.swift; path = InitialViewController.swift; sourceTree = "<group>"; };
		576DD71A21B7F4A600E7A769 /* FeedbackGroup.swift */ = {isa = PBXFileReference; lastKnownFileType = sourcecode.swift; path = FeedbackGroup.swift; sourceTree = "<group>"; };
		576DD71E21B7FC3E00E7A769 /* PomarKit.app */ = {isa = PBXFileReference; explicitFileType = wrapper.application; includeInIndex = 0; path = PomarKit.app; sourceTree = BUILT_PRODUCTS_DIR; };
		576DD72121B7FC3E00E7A769 /* Base */ = {isa = PBXFileReference; lastKnownFileType = file.storyboard; name = Base; path = Base.lproj/Interface.storyboard; sourceTree = "<group>"; };
		576DD72321B7FC4100E7A769 /* Assets.xcassets */ = {isa = PBXFileReference; lastKnownFileType = folder.assetcatalog; path = Assets.xcassets; sourceTree = "<group>"; };
		576DD72521B7FC4100E7A769 /* Info.plist */ = {isa = PBXFileReference; lastKnownFileType = text.plist.xml; path = Info.plist; sourceTree = "<group>"; };
		576DD72A21B7FC4100E7A769 /* PomarKit Extension.appex */ = {isa = PBXFileReference; explicitFileType = "wrapper.app-extension"; includeInIndex = 0; path = "PomarKit Extension.appex"; sourceTree = BUILT_PRODUCTS_DIR; };
		576DD73121B7FC4100E7A769 /* ExtensionDelegate.swift */ = {isa = PBXFileReference; lastKnownFileType = sourcecode.swift; path = ExtensionDelegate.swift; sourceTree = "<group>"; };
		576DD73321B7FC4100E7A769 /* NotificationController.swift */ = {isa = PBXFileReference; lastKnownFileType = sourcecode.swift; path = NotificationController.swift; sourceTree = "<group>"; };
		576DD73521B7FC4200E7A769 /* Assets.xcassets */ = {isa = PBXFileReference; lastKnownFileType = folder.assetcatalog; path = Assets.xcassets; sourceTree = "<group>"; };
		576DD73721B7FC4200E7A769 /* Info.plist */ = {isa = PBXFileReference; lastKnownFileType = text.plist.xml; path = Info.plist; sourceTree = "<group>"; };
		576DD73821B7FC4200E7A769 /* PushNotificationPayload.apns */ = {isa = PBXFileReference; lastKnownFileType = text; path = PushNotificationPayload.apns; sourceTree = "<group>"; };
		576DD74421B806CA00E7A769 /* GroupInterfaceController.swift */ = {isa = PBXFileReference; lastKnownFileType = sourcecode.swift; path = GroupInterfaceController.swift; sourceTree = "<group>"; };
		576DD75321B9422300E7A769 /* RowCellController.swift */ = {isa = PBXFileReference; lastKnownFileType = sourcecode.swift; path = RowCellController.swift; sourceTree = "<group>"; };
		576DD75521B9574200E7A769 /* PomarKit Extension.entitlements */ = {isa = PBXFileReference; lastKnownFileType = text.plist.entitlements; path = "PomarKit Extension.entitlements"; sourceTree = "<group>"; };
		576DD75621B9574600E7A769 /* CloudKit.framework */ = {isa = PBXFileReference; lastKnownFileType = wrapper.framework; name = CloudKit.framework; path = Platforms/WatchOS.platform/Developer/SDKs/WatchOS5.1.sdk/System/Library/Frameworks/CloudKit.framework; sourceTree = DEVELOPER_DIR; };
		9205F20E21AC215900F5CA73 /* Tutorial.storyboard */ = {isa = PBXFileReference; lastKnownFileType = file.storyboard; path = Tutorial.storyboard; sourceTree = "<group>"; };
		9205F21121AC238100F5CA73 /* TutorialViewController.swift */ = {isa = PBXFileReference; lastKnownFileType = sourcecode.swift; path = TutorialViewController.swift; sourceTree = "<group>"; };
		9205F21521AC30DD00F5CA73 /* SlideTutorial.xib */ = {isa = PBXFileReference; lastKnownFileType = file.xib; path = SlideTutorial.xib; sourceTree = "<group>"; };
		9205F21721AC322400F5CA73 /* SlideTutorial.swift */ = {isa = PBXFileReference; lastKnownFileType = sourcecode.swift; path = SlideTutorial.swift; sourceTree = "<group>"; };
		9206BDB521AD6AE50013437F /* FinalTutorial.xib */ = {isa = PBXFileReference; lastKnownFileType = file.xib; path = FinalTutorial.xib; sourceTree = "<group>"; };
		9206BDB721AD6ED40013437F /* FinalTutorial.swift */ = {isa = PBXFileReference; lastKnownFileType = sourcecode.swift; path = FinalTutorial.swift; sourceTree = "<group>"; };
		92269E5621AED7EF0053DAB5 /* NewGroup.storyboard */ = {isa = PBXFileReference; lastKnownFileType = file.storyboard; path = NewGroup.storyboard; sourceTree = "<group>"; };
		92269E5821AED9010053DAB5 /* AddNewGroupViewController.swift */ = {isa = PBXFileReference; lastKnownFileType = sourcecode.swift; path = AddNewGroupViewController.swift; sourceTree = "<group>"; };
		92269E9521B01BC30053DAB5 /* DescriptionTableViewCell.swift */ = {isa = PBXFileReference; lastKnownFileType = sourcecode.swift; path = DescriptionTableViewCell.swift; sourceTree = "<group>"; };
		92269E9621B01BC30053DAB5 /* DescriptionTableViewCell.xib */ = {isa = PBXFileReference; lastKnownFileType = file.xib; path = DescriptionTableViewCell.xib; sourceTree = "<group>"; };
		92A470FE21B5BA19002E7C46 /* DatePickerView.swift */ = {isa = PBXFileReference; lastKnownFileType = sourcecode.swift; path = DatePickerView.swift; sourceTree = "<group>"; };
		92A4710221B5BA44002E7C46 /* DatePickerView.xib */ = {isa = PBXFileReference; lastKnownFileType = file.xib; path = DatePickerView.xib; sourceTree = "<group>"; };
		92BFF21521B029CF00026FE8 /* TagsTableViewCell.swift */ = {isa = PBXFileReference; lastKnownFileType = sourcecode.swift; path = TagsTableViewCell.swift; sourceTree = "<group>"; };
		92BFF21621B029CF00026FE8 /* TagsTableViewCell.xib */ = {isa = PBXFileReference; lastKnownFileType = file.xib; path = TagsTableViewCell.xib; sourceTree = "<group>"; };
		92BFF23221B197AD00026FE8 /* Subjects.swift */ = {isa = PBXFileReference; lastKnownFileType = sourcecode.swift; path = Subjects.swift; sourceTree = "<group>"; };
		92BFF23621B3513500026FE8 /* TagsCollectionViewDelegateAndDataSource.swift */ = {isa = PBXFileReference; lastKnownFileType = sourcecode.swift; path = TagsCollectionViewDelegateAndDataSource.swift; sourceTree = "<group>"; };
		92BFF23821B354B000026FE8 /* TagsSuggestionCollectionViewCell.swift */ = {isa = PBXFileReference; lastKnownFileType = sourcecode.swift; path = TagsSuggestionCollectionViewCell.swift; sourceTree = "<group>"; };
		92ED0C2721B572C800AA32CB /* CalendarTableViewCell.swift */ = {isa = PBXFileReference; lastKnownFileType = sourcecode.swift; path = CalendarTableViewCell.swift; sourceTree = "<group>"; };
		92ED0C2821B572C800AA32CB /* CalendarTableViewCell.xib */ = {isa = PBXFileReference; lastKnownFileType = file.xib; path = CalendarTableViewCell.xib; sourceTree = "<group>"; };
		92ED0C2B21B57ACB00AA32CB /* HourCollectionViewDelegateAndDataSource.swift */ = {isa = PBXFileReference; lastKnownFileType = sourcecode.swift; path = HourCollectionViewDelegateAndDataSource.swift; sourceTree = "<group>"; };
		92ED0C2D21B57C0600AA32CB /* HourCollectionViewCell.swift */ = {isa = PBXFileReference; lastKnownFileType = sourcecode.swift; path = HourCollectionViewCell.swift; sourceTree = "<group>"; };
		DC0296CB21B7EE480055D61C /* CreateUser.storyboard */ = {isa = PBXFileReference; lastKnownFileType = file.storyboard; path = CreateUser.storyboard; sourceTree = "<group>"; };
		DC0296CD21B7EF5E0055D61C /* UserProfile.storyboard */ = {isa = PBXFileReference; lastKnownFileType = file.storyboard; path = UserProfile.storyboard; sourceTree = "<group>"; };
		DC0296CF21B7F3F20055D61C /* CreateUserViewController.swift */ = {isa = PBXFileReference; lastKnownFileType = sourcecode.swift; path = CreateUserViewController.swift; sourceTree = "<group>"; };
		DC20EDE821BEA6A80060CEC8 /* AlertError.swift */ = {isa = PBXFileReference; lastKnownFileType = sourcecode.swift; path = AlertError.swift; sourceTree = "<group>"; };
		92444D4621BEB1DF00F4E6AF /* BadgesCollectionViewCell.swift */ = {isa = PBXFileReference; lastKnownFileType = sourcecode.swift; path = BadgesCollectionViewCell.swift; sourceTree = "<group>"; };
		92444D4721BEB1DF00F4E6AF /* BadgesCollectionViewCell.xib */ = {isa = PBXFileReference; lastKnownFileType = file.xib; path = BadgesCollectionViewCell.xib; sourceTree = "<group>"; };
		92A4710F21B955E4002E7C46 /* Exchange.storyboard */ = {isa = PBXFileReference; lastKnownFileType = file.storyboard; path = Exchange.storyboard; sourceTree = "<group>"; };
		92A4711221B96367002E7C46 /* ValueCoin.xib */ = {isa = PBXFileReference; lastKnownFileType = file.xib; path = ValueCoin.xib; sourceTree = "<group>"; };
		92A4711421B96534002E7C46 /* ValueCoin.swift */ = {isa = PBXFileReference; lastKnownFileType = sourcecode.swift; path = ValueCoin.swift; sourceTree = "<group>"; };
		92A4711721B99F62002E7C46 /* ExchangeViewController.swift */ = {isa = PBXFileReference; lastKnownFileType = sourcecode.swift; path = ExchangeViewController.swift; sourceTree = "<group>"; };
		92FE184021BDF8500069AA99 /* ProfileViewController.swift */ = {isa = PBXFileReference; lastKnownFileType = sourcecode.swift; path = ProfileViewController.swift; sourceTree = "<group>"; };
		92FE184221BDFB760069AA99 /* CollectionSkillsDelegateAndDataSource.swift */ = {isa = PBXFileReference; lastKnownFileType = sourcecode.swift; path = CollectionSkillsDelegateAndDataSource.swift; sourceTree = "<group>"; };
		92FE184421BDFBB10069AA99 /* CollectionBadgesDelegateAndDataSource.swift */ = {isa = PBXFileReference; lastKnownFileType = sourcecode.swift; path = CollectionBadgesDelegateAndDataSource.swift; sourceTree = "<group>"; };
		92FE184621BDFF410069AA99 /* SkillsCollectionViewCell.swift */ = {isa = PBXFileReference; lastKnownFileType = sourcecode.swift; path = SkillsCollectionViewCell.swift; sourceTree = "<group>"; };
		DC66117A21AD7F7400D329DA /* AppleType.swift */ = {isa = PBXFileReference; lastKnownFileType = sourcecode.swift; path = AppleType.swift; sourceTree = "<group>"; };
		DC66117C21AD86AF00D329DA /* GroupTests.swift */ = {isa = PBXFileReference; fileEncoding = 4; lastKnownFileType = sourcecode.swift; path = GroupTests.swift; sourceTree = "<group>"; };
		DC66117E21AD86DA00D329DA /* UserTests.swift */ = {isa = PBXFileReference; lastKnownFileType = sourcecode.swift; path = UserTests.swift; sourceTree = "<group>"; };
		DC74C1B021AED0C200C829B2 /* Feedback.storyboard */ = {isa = PBXFileReference; lastKnownFileType = file.storyboard; path = Feedback.storyboard; sourceTree = "<group>"; };
		DC74C1B221AED15600C829B2 /* FeedbackViewController.swift */ = {isa = PBXFileReference; lastKnownFileType = sourcecode.swift; path = FeedbackViewController.swift; sourceTree = "<group>"; };
		DC74C1E121B0671000C829B2 /* UserViewCell.swift */ = {isa = PBXFileReference; lastKnownFileType = sourcecode.swift; path = UserViewCell.swift; sourceTree = "<group>"; };
		DC74C1E221B0671000C829B2 /* UserViewCell.xib */ = {isa = PBXFileReference; lastKnownFileType = file.xib; path = UserViewCell.xib; sourceTree = "<group>"; };
		DC74C1E521B1D5EA00C829B2 /* Apples.swift */ = {isa = PBXFileReference; lastKnownFileType = sourcecode.swift; path = Apples.swift; sourceTree = "<group>"; };
		DC74C1E721B372C000C829B2 /* ApplesTests.swift */ = {isa = PBXFileReference; lastKnownFileType = sourcecode.swift; path = ApplesTests.swift; sourceTree = "<group>"; };
		DC74C1E921B48C2800C829B2 /* AppleTypeTests.swift */ = {isa = PBXFileReference; lastKnownFileType = sourcecode.swift; path = AppleTypeTests.swift; sourceTree = "<group>"; };
		DC74C1EB21B5514B00C829B2 /* AppleShape.swift */ = {isa = PBXFileReference; lastKnownFileType = sourcecode.swift; path = AppleShape.swift; sourceTree = "<group>"; };
		DCA6E34721BA9B60000E75A2 /* KeychainWrapper.swift */ = {isa = PBXFileReference; lastKnownFileType = sourcecode.swift; path = KeychainWrapper.swift; sourceTree = "<group>"; };
		DCA6E34921BA9BBF000E75A2 /* KeychainAcessibility.swift */ = {isa = PBXFileReference; lastKnownFileType = sourcecode.swift; path = KeychainAcessibility.swift; sourceTree = "<group>"; };
		DCE87265219B0C8D008F78BE /* Group.swift */ = {isa = PBXFileReference; lastKnownFileType = sourcecode.swift; path = Group.swift; sourceTree = "<group>"; };
		DCE87268219B4FFB008F78BE /* User.swift */ = {isa = PBXFileReference; lastKnownFileType = sourcecode.swift; path = User.swift; sourceTree = "<group>"; };
		DCE8726A219C53DF008F78BE /* CKManager.swift */ = {isa = PBXFileReference; lastKnownFileType = sourcecode.swift; path = CKManager.swift; sourceTree = "<group>"; };
		DCE87274219CB1F9008F78BE /* DaySchedule.swift */ = {isa = PBXFileReference; lastKnownFileType = sourcecode.swift; path = DaySchedule.swift; sourceTree = "<group>"; };
		DCEF355A21B810B80025B699 /* WSTagsField.swift */ = {isa = PBXFileReference; fileEncoding = 4; lastKnownFileType = sourcecode.swift; name = WSTagsField.swift; path = Pomar/Model/Tags2/WSTagsField.swift; sourceTree = SOURCE_ROOT; };
		DCEF355B21B810B80025B699 /* Constants.swift */ = {isa = PBXFileReference; fileEncoding = 4; lastKnownFileType = sourcecode.swift; name = Constants.swift; path = Pomar/Model/Tags2/Constants.swift; sourceTree = SOURCE_ROOT; };
		DCEF355C21B810B80025B699 /* WSTag.swift */ = {isa = PBXFileReference; fileEncoding = 4; lastKnownFileType = sourcecode.swift; name = WSTag.swift; path = Pomar/Model/Tags2/WSTag.swift; sourceTree = SOURCE_ROOT; };
		DCEF355D21B810B80025B699 /* WSTagView.swift */ = {isa = PBXFileReference; fileEncoding = 4; lastKnownFileType = sourcecode.swift; name = WSTagView.swift; path = Pomar/Model/Tags2/WSTagView.swift; sourceTree = SOURCE_ROOT; };
		DCEF355E21B810B80025B699 /* BackspaceDetectingTextField.swift */ = {isa = PBXFileReference; fileEncoding = 4; lastKnownFileType = sourcecode.swift; name = BackspaceDetectingTextField.swift; path = Pomar/Model/Tags2/BackspaceDetectingTextField.swift; sourceTree = SOURCE_ROOT; };
/* End PBXFileReference section */

/* Begin PBXFrameworksBuildPhase section */
		2F0DAB43219AF37800217ED5 /* Frameworks */ = {
			isa = PBXFrameworksBuildPhase;
			buildActionMask = 2147483647;
			files = (
				2F0DAB82219AFA7C00217ED5 /* CloudKit.framework in Frameworks */,
			);
			runOnlyForDeploymentPostprocessing = 0;
		};
		2F0DAB5A219AF37A00217ED5 /* Frameworks */ = {
			isa = PBXFrameworksBuildPhase;
			buildActionMask = 2147483647;
			files = (
			);
			runOnlyForDeploymentPostprocessing = 0;
		};
		2F0DAB65219AF37A00217ED5 /* Frameworks */ = {
			isa = PBXFrameworksBuildPhase;
			buildActionMask = 2147483647;
			files = (
			);
			runOnlyForDeploymentPostprocessing = 0;
		};
		576DD72721B7FC4100E7A769 /* Frameworks */ = {
			isa = PBXFrameworksBuildPhase;
			buildActionMask = 2147483647;
			files = (
				576DD75721B9574600E7A769 /* CloudKit.framework in Frameworks */,
			);
			runOnlyForDeploymentPostprocessing = 0;
		};
/* End PBXFrameworksBuildPhase section */

/* Begin PBXGroup section */
		2F0DAB3D219AF37800217ED5 = {
			isa = PBXGroup;
			children = (
				2F0DAB48219AF37800217ED5 /* Pomar */,
				2F0DAB60219AF37A00217ED5 /* PomarTests */,
				2F0DAB6B219AF37A00217ED5 /* PomarUITests */,
				576DD71F21B7FC3E00E7A769 /* PomarKit */,
				576DD72E21B7FC4100E7A769 /* PomarKit Extension */,
				2F0DAB47219AF37800217ED5 /* Products */,
				2F0DAB7E219AFA1200217ED5 /* Frameworks */,
			);
			sourceTree = "<group>";
		};
		2F0DAB47219AF37800217ED5 /* Products */ = {
			isa = PBXGroup;
			children = (
				2F0DAB46219AF37800217ED5 /* Pomar.app */,
				2F0DAB5D219AF37A00217ED5 /* PomarTests.xctest */,
				2F0DAB68219AF37A00217ED5 /* PomarUITests.xctest */,
				576DD71E21B7FC3E00E7A769 /* PomarKit.app */,
				576DD72A21B7FC4100E7A769 /* PomarKit Extension.appex */,
			);
			name = Products;
			sourceTree = "<group>";
		};
		2F0DAB48219AF37800217ED5 /* Pomar */ = {
			isa = PBXGroup;
			children = (
				2FCCE0FB21B5A3B4002BC3D3 /* Protocol */,
				2F0DAB7D219AF9E400217ED5 /* Pomar.entitlements */,
				2F0DAB7C219AF99600217ED5 /* Controller */,
				2F0DAB7B219AF98E00217ED5 /* View */,
				2F0DAB7A219AF98300217ED5 /* Model */,
				2F0DAB49219AF37800217ED5 /* AppDelegate.swift */,
				DC20EDE821BEA6A80060CEC8 /* AlertError.swift */,
				2F0DAB53219AF37A00217ED5 /* Assets.xcassets */,
				2F0DAB55219AF37A00217ED5 /* LaunchScreen.storyboard */,
				2F0DAB58219AF37A00217ED5 /* Info.plist */,
				2F0DAB50219AF37800217ED5 /* Pomar.xcdatamodeld */,
			);
			path = Pomar;
			sourceTree = "<group>";
		};
		2F0DAB60219AF37A00217ED5 /* PomarTests */ = {
			isa = PBXGroup;
			children = (
				576DD71A21B7F4A600E7A769 /* FeedbackGroup.swift */,
				DC66117C21AD86AF00D329DA /* GroupTests.swift */,
				DC66117E21AD86DA00D329DA /* UserTests.swift */,
				2F0DAB61219AF37A00217ED5 /* PomarTests.swift */,
				2F0DAB63219AF37A00217ED5 /* Info.plist */,
				DC74C1E721B372C000C829B2 /* ApplesTests.swift */,
				DC74C1E921B48C2800C829B2 /* AppleTypeTests.swift */,
			);
			path = PomarTests;
			sourceTree = "<group>";
		};
		2F0DAB6B219AF37A00217ED5 /* PomarUITests */ = {
			isa = PBXGroup;
			children = (
				2F0DAB6C219AF37A00217ED5 /* PomarUITests.swift */,
				2F0DAB6E219AF37A00217ED5 /* Info.plist */,
			);
			path = PomarUITests;
			sourceTree = "<group>";
		};
		2F0DAB7A219AF98300217ED5 /* Model */ = {
			isa = PBXGroup;
			children = (
				DCEF355921B810640025B699 /* Tags */,
				DCE87265219B0C8D008F78BE /* Group.swift */,
				92BFF23221B197AD00026FE8 /* Subjects.swift */,
				DCE87268219B4FFB008F78BE /* User.swift */,
				DCE87274219CB1F9008F78BE /* DaySchedule.swift */,
				2F0DABA121A2EB1D00217ED5 /* Validation.swift */,
				2F0DABA321A3505F00217ED5 /* ModelDayPicker.swift */,
				2F022D6B21A3D85B00A1293D /* ModelHourPicker.swift */,
				2F022D6D21A42B7400A1293D /* TextFieldProtocol.swift */,
				DC66117A21AD7F7400D329DA /* AppleType.swift */,
				DCE8726A219C53DF008F78BE /* CKManager.swift */,
				2F3DDEF821B046D600A97CA2 /* ModelTag.swift */,
				2FCCE12221B64D1F002BC3D3 /* ModelCollection.swift */,
				DC74C1E521B1D5EA00C829B2 /* Apples.swift */,
			);
			path = Model;
			sourceTree = "<group>";
		};
		2F0DAB7B219AF98E00217ED5 /* View */ = {
			isa = PBXGroup;
			children = (
				92A4711121B9634A002E7C46 /* Exchange */,
				2FCCE0E521B4F8A1002BC3D3 /* Date and Time */,
				2F3DDEEF21AF8F6900A97CA2 /* Custon Navigation */,
				2F3DDEE821ADD00500A97CA2 /* User Points */,
				92269E9421B01B5B0053DAB5 /* Add New Group */,
				9205F21021AC232F00F5CA73 /* Tutorial */,
				2F0DAB8F219B082400217ED5 /* Study Groups */,
				2F0DAB83219B01D000217ED5 /* Storyboards */,
			);
			path = View;
			sourceTree = "<group>";
		};
		2F0DAB7C219AF99600217ED5 /* Controller */ = {
			isa = PBXGroup;
			children = (
				DC0296CA21B7EE1D0055D61C /* CreateUser */,
				92FE183E21BDF7AF0069AA99 /* Profile */,
				92A4711621B99F03002E7C46 /* Exchange */,
				2FCCE0EE21B5629B002BC3D3 /* DetailsGroup */,
				DC74C1AD21AECD9E00C829B2 /* Feedback Group */,
				2F0DABA021A2E5A200217ED5 /* Add Group */,
				2F0DAB8E219B080D00217ED5 /* Study Groups */,
				2FE3665721B690F200D7D909 /* InitialViewController.swift */,
			);
			path = Controller;
			sourceTree = "<group>";
		};
		2F0DAB7E219AFA1200217ED5 /* Frameworks */ = {
			isa = PBXGroup;
			children = (
				576DD75621B9574600E7A769 /* CloudKit.framework */,
				2F0DAB81219AFA7C00217ED5 /* CloudKit.framework */,
			);
			name = Frameworks;
			sourceTree = "<group>";
		};
		2F0DAB83219B01D000217ED5 /* Storyboards */ = {
			isa = PBXGroup;
			children = (
				2F0DAB4D219AF37800217ED5 /* Main.storyboard */,
				2F0DAB84219B020000217ED5 /* Groups.storyboard */,
				2F0DAB86219B021C00217ED5 /* Questions.storyboard */,
				2F0DAB88219B022A00217ED5 /* Profile.storyboard */,
				2F0DAB8A219B026300217ED5 /* Missions.storyboard */,
				9205F20E21AC215900F5CA73 /* Tutorial.storyboard */,
				2F3DDEE621ADC34700A97CA2 /* Initial.storyboard */,
				DC74C1B021AED0C200C829B2 /* Feedback.storyboard */,
				DC0296CB21B7EE480055D61C /* CreateUser.storyboard */,
				DC0296CD21B7EF5E0055D61C /* UserProfile.storyboard */,
				92269E5621AED7EF0053DAB5 /* NewGroup.storyboard */,
				92A4710F21B955E4002E7C46 /* Exchange.storyboard */,
			);
			path = Storyboards;
			sourceTree = "<group>";
		};
		2F0DAB8E219B080D00217ED5 /* Study Groups */ = {
			isa = PBXGroup;
			children = (
				2F0DAB8C219B076C00217ED5 /* StudyGroupsViewController.swift */,
				2FCCE0E321B4E1E5002BC3D3 /* TestingViewController.swift */,
			);
			path = "Study Groups";
			sourceTree = "<group>";
		};
		2F0DAB8F219B082400217ED5 /* Study Groups */ = {
			isa = PBXGroup;
			children = (
				2F0DAB98219DC3BE00217ED5 /* GroupsCollectionViewCell.swift */,
				2F0DAB99219DC3BE00217ED5 /* GroupsCollectionViewCell.xib */,
				2F022D6721A3C11D00A1293D /* TagsCollectionViewCell.swift */,
				2F022D6821A3C11D00A1293D /* TagsCollectionViewCell.xib */,
				2F3DDEF421B023D700A97CA2 /* HeaderCollectionViewCell.swift */,
				2F3DDEF521B023D700A97CA2 /* HeaderCollectionViewCell.xib */,
			);
			path = "Study Groups";
			sourceTree = "<group>";
		};
		2F0DABA021A2E5A200217ED5 /* Add Group */ = {
			isa = PBXGroup;
			children = (
				2F0DAB9C21A2E58F00217ED5 /* AddGroupPart1ViewController.swift */,
				2F0DAB9E21A2E59E00217ED5 /* AddGroupPart2ViewController.swift */,
				92269E5821AED9010053DAB5 /* AddNewGroupViewController.swift */,
			);
			path = "Add Group";
			sourceTree = "<group>";
		};
		2F3DDEE821ADD00500A97CA2 /* User Points */ = {
			isa = PBXGroup;
			children = (
				2F3DDEE921ADD01F00A97CA2 /* UserMoney.xib */,
				2F3DDEEB21ADD13500A97CA2 /* UserMoney.swift */,
			);
			path = "User Points";
			sourceTree = "<group>";
		};
		2F3DDEEF21AF8F6900A97CA2 /* Custon Navigation */ = {
			isa = PBXGroup;
			children = (
				2F3DDEF021AF8F8500A97CA2 /* CustomHeader.xib */,
				2F3DDEF221AF911A00A97CA2 /* CustomHeader.swift */,
			);
			path = "Custon Navigation";
			sourceTree = "<group>";
		};
		2FCCE0E521B4F8A1002BC3D3 /* Date and Time */ = {
			isa = PBXGroup;
			children = (
				2FCCE0E821B4F8E0002BC3D3 /* DateAndTime.swift */,
				2FCCE0EA21B4F8ED002BC3D3 /* DateAndTime.xib */,
			);
			path = "Date and Time";
			sourceTree = "<group>";
		};
		2FCCE0EE21B5629B002BC3D3 /* DetailsGroup */ = {
			isa = PBXGroup;
			children = (
				2FCCE0EC21B56186002BC3D3 /* DetailsViewController.swift */,
				2FCCE10621B5E74C002BC3D3 /* ButtonsCollectionViewCell.swift */,
				2FCCE10721B5E74C002BC3D3 /* ButtonsCollectionViewCell.xib */,
				2FCCE10A21B5EAF4002BC3D3 /* LabelsCollectionViewCell.swift */,
				2FCCE10B21B5EAF4002BC3D3 /* LabelsCollectionViewCell.xib */,
				2FCCE11221B5F196002BC3D3 /* ShowTagsCollectionViewCell.swift */,
				2FCCE11321B5F196002BC3D3 /* ShowTagsCollectionViewCell.xib */,
				2FCCE11621B6019C002BC3D3 /* DateCollectionViewCell.swift */,
				2FCCE11721B6019C002BC3D3 /* DateCollectionViewCell.xib */,
				2FCCE11A21B64B13002BC3D3 /* ParticipantsCollectionViewCell.swift */,
				2FCCE11B21B64B13002BC3D3 /* ParticipantsCollectionViewCell.xib */,
				2FCCE11E21B64BC1002BC3D3 /* MembersCollectionViewCell.swift */,
				2FCCE11F21B64BC1002BC3D3 /* MembersCollectionViewCell.xib */,
			);
			path = DetailsGroup;
			sourceTree = "<group>";
		};
		2FCCE0FB21B5A3B4002BC3D3 /* Protocol */ = {
			isa = PBXGroup;
			children = (
				2FCCE0FC21B5A3EF002BC3D3 /* Instantiable.swift */,
			);
			path = Protocol;
			sourceTree = "<group>";
		};
		576DD71F21B7FC3E00E7A769 /* PomarKit */ = {
			isa = PBXGroup;
			children = (
				576DD72021B7FC3E00E7A769 /* Interface.storyboard */,
				576DD72321B7FC4100E7A769 /* Assets.xcassets */,
				576DD72521B7FC4100E7A769 /* Info.plist */,
			);
			path = PomarKit;
			sourceTree = "<group>";
		};
		576DD72E21B7FC4100E7A769 /* PomarKit Extension */ = {
			isa = PBXGroup;
			children = (
				576DD75521B9574200E7A769 /* PomarKit Extension.entitlements */,
				576DD73121B7FC4100E7A769 /* ExtensionDelegate.swift */,
				576DD74421B806CA00E7A769 /* GroupInterfaceController.swift */,
				576DD73321B7FC4100E7A769 /* NotificationController.swift */,
				576DD73521B7FC4200E7A769 /* Assets.xcassets */,
				576DD75321B9422300E7A769 /* RowCellController.swift */,
				576DD73721B7FC4200E7A769 /* Info.plist */,
				576DD73821B7FC4200E7A769 /* PushNotificationPayload.apns */,
			);
			path = "PomarKit Extension";
			sourceTree = "<group>";
		};
		9205F21021AC232F00F5CA73 /* Tutorial */ = {
			isa = PBXGroup;
			children = (
				9205F21121AC238100F5CA73 /* TutorialViewController.swift */,
				9205F21521AC30DD00F5CA73 /* SlideTutorial.xib */,
				9205F21721AC322400F5CA73 /* SlideTutorial.swift */,
				9206BDB521AD6AE50013437F /* FinalTutorial.xib */,
				9206BDB721AD6ED40013437F /* FinalTutorial.swift */,
			);
			path = Tutorial;
			sourceTree = "<group>";
		};
		92269E9421B01B5B0053DAB5 /* Add New Group */ = {
			isa = PBXGroup;
			children = (
				92ED0C3121B599D600AA32CB /* Description */,
				92ED0C3221B599EE00AA32CB /* Tags */,
				92ED0C3021B599B300AA32CB /* DateAndTime */,
			);
			path = "Add New Group";
			sourceTree = "<group>";
		};
		92ED0C3021B599B300AA32CB /* DateAndTime */ = {
			isa = PBXGroup;
			children = (
				92ED0C2721B572C800AA32CB /* CalendarTableViewCell.swift */,
				92ED0C2821B572C800AA32CB /* CalendarTableViewCell.xib */,
				92ED0C2D21B57C0600AA32CB /* HourCollectionViewCell.swift */,
				92ED0C2B21B57ACB00AA32CB /* HourCollectionViewDelegateAndDataSource.swift */,
				92A470FE21B5BA19002E7C46 /* DatePickerView.swift */,
				92A4710221B5BA44002E7C46 /* DatePickerView.xib */,
			);
			path = DateAndTime;
			sourceTree = "<group>";
		};
		92ED0C3121B599D600AA32CB /* Description */ = {
			isa = PBXGroup;
			children = (
				92269E9521B01BC30053DAB5 /* DescriptionTableViewCell.swift */,
				92269E9621B01BC30053DAB5 /* DescriptionTableViewCell.xib */,
			);
			path = Description;
			sourceTree = "<group>";
		};
		92ED0C3221B599EE00AA32CB /* Tags */ = {
			isa = PBXGroup;
			children = (
				92BFF21521B029CF00026FE8 /* TagsTableViewCell.swift */,
				92BFF21621B029CF00026FE8 /* TagsTableViewCell.xib */,
				92BFF23821B354B000026FE8 /* TagsSuggestionCollectionViewCell.swift */,
				92BFF23621B3513500026FE8 /* TagsCollectionViewDelegateAndDataSource.swift */,
			);
			path = Tags;
			sourceTree = "<group>";
		};
		DC0296CA21B7EE1D0055D61C /* CreateUser */ = {
			isa = PBXGroup;
			children = (
				DC0296CF21B7F3F20055D61C /* CreateUserViewController.swift */,
				DCA6E34721BA9B60000E75A2 /* KeychainWrapper.swift */,
				DCA6E34921BA9BBF000E75A2 /* KeychainAcessibility.swift */,
			);
			path = CreateUser;
            sourceTree = "<group>";
        };
		92A4711121B9634A002E7C46 /* Exchange */ = {
			isa = PBXGroup;
			children = (
				92A4711221B96367002E7C46 /* ValueCoin.xib */,
				92A4711421B96534002E7C46 /* ValueCoin.swift */,
			);
			path = Exchange;
			sourceTree = "<group>";
		};
		92A4711621B99F03002E7C46 /* Exchange */ = {
			isa = PBXGroup;
			children = (
				92A4711721B99F62002E7C46 /* ExchangeViewController.swift */,
			);
			path = Exchange;
			sourceTree = "<group>";
		};
		92FE183E21BDF7AF0069AA99 /* Profile */ = {
			isa = PBXGroup;
			children = (
				92FE184021BDF8500069AA99 /* ProfileViewController.swift */,
				92FE184221BDFB760069AA99 /* CollectionSkillsDelegateAndDataSource.swift */,
				92FE184421BDFBB10069AA99 /* CollectionBadgesDelegateAndDataSource.swift */,
				92FE184621BDFF410069AA99 /* SkillsCollectionViewCell.swift */,
				92444D4621BEB1DF00F4E6AF /* BadgesCollectionViewCell.swift */,
				92444D4721BEB1DF00F4E6AF /* BadgesCollectionViewCell.xib */,
			);
			path = Profile;
			sourceTree = "<group>";
		};
		DC74C1AD21AECD9E00C829B2 /* Feedback Group */ = {
			isa = PBXGroup;
			children = (
				DC74C1B221AED15600C829B2 /* FeedbackViewController.swift */,
				DC74C1E121B0671000C829B2 /* UserViewCell.swift */,
				DC74C1E221B0671000C829B2 /* UserViewCell.xib */,
				DC74C1EB21B5514B00C829B2 /* AppleShape.swift */,
			);
			path = "Feedback Group";
			sourceTree = "<group>";
		};
		DCEF355921B810640025B699 /* Tags */ = {
			isa = PBXGroup;
			children = (
				DCEF355E21B810B80025B699 /* BackspaceDetectingTextField.swift */,
				DCEF355B21B810B80025B699 /* Constants.swift */,
				DCEF355C21B810B80025B699 /* WSTag.swift */,
				DCEF355A21B810B80025B699 /* WSTagsField.swift */,
				DCEF355D21B810B80025B699 /* WSTagView.swift */,
			);
			path = Tags;
			sourceTree = "<group>";
		};
/* End PBXGroup section */

/* Begin PBXNativeTarget section */
		2F0DAB45219AF37800217ED5 /* Pomar */ = {
			isa = PBXNativeTarget;
			buildConfigurationList = 2F0DAB71219AF37A00217ED5 /* Build configuration list for PBXNativeTarget "Pomar" */;
			buildPhases = (
				2F0DAB42219AF37800217ED5 /* Sources */,
				2F0DAB43219AF37800217ED5 /* Frameworks */,
				2F0DAB44219AF37800217ED5 /* Resources */,
				576DD74321B7FC4200E7A769 /* Embed Watch Content */,
			);
			buildRules = (
			);
			dependencies = (
				576DD73A21B7FC4200E7A769 /* PBXTargetDependency */,
			);
			name = Pomar;
			productName = Pomar;
			productReference = 2F0DAB46219AF37800217ED5 /* Pomar.app */;
			productType = "com.apple.product-type.application";
		};
		2F0DAB5C219AF37A00217ED5 /* PomarTests */ = {
			isa = PBXNativeTarget;
			buildConfigurationList = 2F0DAB74219AF37A00217ED5 /* Build configuration list for PBXNativeTarget "PomarTests" */;
			buildPhases = (
				2F0DAB59219AF37A00217ED5 /* Sources */,
				2F0DAB5A219AF37A00217ED5 /* Frameworks */,
				2F0DAB5B219AF37A00217ED5 /* Resources */,
			);
			buildRules = (
			);
			dependencies = (
				2F0DAB5F219AF37A00217ED5 /* PBXTargetDependency */,
			);
			name = PomarTests;
			productName = PomarTests;
			productReference = 2F0DAB5D219AF37A00217ED5 /* PomarTests.xctest */;
			productType = "com.apple.product-type.bundle.unit-test";
		};
		2F0DAB67219AF37A00217ED5 /* PomarUITests */ = {
			isa = PBXNativeTarget;
			buildConfigurationList = 2F0DAB77219AF37A00217ED5 /* Build configuration list for PBXNativeTarget "PomarUITests" */;
			buildPhases = (
				2F0DAB64219AF37A00217ED5 /* Sources */,
				2F0DAB65219AF37A00217ED5 /* Frameworks */,
				2F0DAB66219AF37A00217ED5 /* Resources */,
			);
			buildRules = (
			);
			dependencies = (
				2F0DAB6A219AF37A00217ED5 /* PBXTargetDependency */,
			);
			name = PomarUITests;
			productName = PomarUITests;
			productReference = 2F0DAB68219AF37A00217ED5 /* PomarUITests.xctest */;
			productType = "com.apple.product-type.bundle.ui-testing";
		};
		576DD71D21B7FC3E00E7A769 /* PomarKit */ = {
			isa = PBXNativeTarget;
			buildConfigurationList = 576DD74221B7FC4200E7A769 /* Build configuration list for PBXNativeTarget "PomarKit" */;
			buildPhases = (
				576DD71C21B7FC3E00E7A769 /* Resources */,
				576DD74121B7FC4200E7A769 /* Embed App Extensions */,
			);
			buildRules = (
			);
			dependencies = (
				576DD72D21B7FC4100E7A769 /* PBXTargetDependency */,
			);
			name = PomarKit;
			productName = PomarKit;
			productReference = 576DD71E21B7FC3E00E7A769 /* PomarKit.app */;
			productType = "com.apple.product-type.application.watchapp2";
		};
		576DD72921B7FC4100E7A769 /* PomarKit Extension */ = {
			isa = PBXNativeTarget;
			buildConfigurationList = 576DD74021B7FC4200E7A769 /* Build configuration list for PBXNativeTarget "PomarKit Extension" */;
			buildPhases = (
				576DD72621B7FC4100E7A769 /* Sources */,
				576DD72721B7FC4100E7A769 /* Frameworks */,
				576DD72821B7FC4100E7A769 /* Resources */,
			);
			buildRules = (
			);
			dependencies = (
			);
			name = "PomarKit Extension";
			productName = "PomarKit Extension";
			productReference = 576DD72A21B7FC4100E7A769 /* PomarKit Extension.appex */;
			productType = "com.apple.product-type.watchkit2-extension";
		};
/* End PBXNativeTarget section */

/* Begin PBXProject section */
		2F0DAB3E219AF37800217ED5 /* Project object */ = {
			isa = PBXProject;
			attributes = {
				LastSwiftUpdateCheck = 1010;
				LastUpgradeCheck = 1010;
				ORGANIZATIONNAME = "Paloma Bispo";
				TargetAttributes = {
					2F0DAB45219AF37800217ED5 = {
						CreatedOnToolsVersion = 10.1;
						SystemCapabilities = {
							com.apple.Push = {
								enabled = 1;
							};
							com.apple.iCloud = {
								enabled = 1;
							};
						};
					};
					2F0DAB5C219AF37A00217ED5 = {
						CreatedOnToolsVersion = 10.1;
						TestTargetID = 2F0DAB45219AF37800217ED5;
					};
					2F0DAB67219AF37A00217ED5 = {
						CreatedOnToolsVersion = 10.1;
						TestTargetID = 2F0DAB45219AF37800217ED5;
					};
					576DD71D21B7FC3E00E7A769 = {
						CreatedOnToolsVersion = 10.1;
					};
					576DD72921B7FC4100E7A769 = {
						CreatedOnToolsVersion = 10.1;
						SystemCapabilities = {
							com.apple.Push = {
								enabled = 1;
							};
							com.apple.iCloud = {
								enabled = 1;
							};
						};
					};
				};
			};
			buildConfigurationList = 2F0DAB41219AF37800217ED5 /* Build configuration list for PBXProject "Pomar" */;
			compatibilityVersion = "Xcode 9.3";
			developmentRegion = en;
			hasScannedForEncodings = 0;
			knownRegions = (
				en,
				Base,
			);
			mainGroup = 2F0DAB3D219AF37800217ED5;
			productRefGroup = 2F0DAB47219AF37800217ED5 /* Products */;
			projectDirPath = "";
			projectRoot = "";
			targets = (
				2F0DAB45219AF37800217ED5 /* Pomar */,
				2F0DAB5C219AF37A00217ED5 /* PomarTests */,
				2F0DAB67219AF37A00217ED5 /* PomarUITests */,
				576DD71D21B7FC3E00E7A769 /* PomarKit */,
				576DD72921B7FC4100E7A769 /* PomarKit Extension */,
			);
		};
/* End PBXProject section */

/* Begin PBXResourcesBuildPhase section */
		2F0DAB44219AF37800217ED5 /* Resources */ = {
			isa = PBXResourcesBuildPhase;
			buildActionMask = 2147483647;
			files = (
				9205F20F21AC215900F5CA73 /* Tutorial.storyboard in Resources */,
				2F3DDEF121AF8F8500A97CA2 /* CustomHeader.xib in Resources */,
				DC74C1B121AED0C200C829B2 /* Feedback.storyboard in Resources */,
				2F0DAB89219B022A00217ED5 /* Profile.storyboard in Resources */,
				DC74C1E421B0671000C829B2 /* UserViewCell.xib in Resources */,
				2F3DDEE721ADC34700A97CA2 /* Initial.storyboard in Resources */,
				2FCCE12121B64BC1002BC3D3 /* MembersCollectionViewCell.xib in Resources */,
				92A4711321B96367002E7C46 /* ValueCoin.xib in Resources */,
				2FCCE11D21B64B13002BC3D3 /* ParticipantsCollectionViewCell.xib in Resources */,
				2F022D6A21A3C11D00A1293D /* TagsCollectionViewCell.xib in Resources */,
				DC0296CC21B7EE480055D61C /* CreateUser.storyboard in Resources */,
				2FCCE10D21B5EAF4002BC3D3 /* LabelsCollectionViewCell.xib in Resources */,
				2FCCE11521B5F196002BC3D3 /* ShowTagsCollectionViewCell.xib in Resources */,
				DC0296CE21B7EF5E0055D61C /* UserProfile.storyboard in Resources */,
				2F0DAB85219B020000217ED5 /* Groups.storyboard in Resources */,
				2FCCE0EB21B4F8ED002BC3D3 /* DateAndTime.xib in Resources */,
				9206BDB621AD6AE50013437F /* FinalTutorial.xib in Resources */,
				2F0DAB87219B021C00217ED5 /* Questions.storyboard in Resources */,
				2F3DDEEA21ADD01F00A97CA2 /* UserMoney.xib in Resources */,
				2F0DAB57219AF37A00217ED5 /* LaunchScreen.storyboard in Resources */,
				92BFF21821B029CF00026FE8 /* TagsTableViewCell.xib in Resources */,
				92ED0C2A21B572C800AA32CB /* CalendarTableViewCell.xib in Resources */,
				2F0DAB9B219DC3BE00217ED5 /* GroupsCollectionViewCell.xib in Resources */,
				2FCCE10921B5E74C002BC3D3 /* ButtonsCollectionViewCell.xib in Resources */,
				2F0DAB8B219B026300217ED5 /* Missions.storyboard in Resources */,
				92A4710321B5BA44002E7C46 /* DatePickerView.xib in Resources */,
				92A4711021B955E4002E7C46 /* Exchange.storyboard in Resources */,
				2F0DAB9B219DC3BE00217ED5 /* GroupsCollectionViewCell.xib in Resources */,
				2FCCE10921B5E74C002BC3D3 /* ButtonsCollectionViewCell.xib in Resources */,
				2F0DAB8B219B026300217ED5 /* Missions.storyboard in Resources */,
				92444D4921BEB1E000F4E6AF /* BadgesCollectionViewCell.xib in Resources */,
				9205F21621AC30DD00F5CA73 /* SlideTutorial.xib in Resources */,
				2F3DDEF721B023D700A97CA2 /* HeaderCollectionViewCell.xib in Resources */,
				2FCCE11921B6019C002BC3D3 /* DateCollectionViewCell.xib in Resources */,
				92269E9821B01BC40053DAB5 /* DescriptionTableViewCell.xib in Resources */,
				92269E5721AED7EF0053DAB5 /* NewGroup.storyboard in Resources */,
				2F0DAB54219AF37A00217ED5 /* Assets.xcassets in Resources */,
				2F0DAB4F219AF37800217ED5 /* Main.storyboard in Resources */,
			);
			runOnlyForDeploymentPostprocessing = 0;
		};
		2F0DAB5B219AF37A00217ED5 /* Resources */ = {
			isa = PBXResourcesBuildPhase;
			buildActionMask = 2147483647;
			files = (
			);
			runOnlyForDeploymentPostprocessing = 0;
		};
		2F0DAB66219AF37A00217ED5 /* Resources */ = {
			isa = PBXResourcesBuildPhase;
			buildActionMask = 2147483647;
			files = (
			);
			runOnlyForDeploymentPostprocessing = 0;
		};
		576DD71C21B7FC3E00E7A769 /* Resources */ = {
			isa = PBXResourcesBuildPhase;
			buildActionMask = 2147483647;
			files = (
				576DD72421B7FC4100E7A769 /* Assets.xcassets in Resources */,
				576DD72221B7FC3E00E7A769 /* Interface.storyboard in Resources */,
			);
			runOnlyForDeploymentPostprocessing = 0;
		};
		576DD72821B7FC4100E7A769 /* Resources */ = {
			isa = PBXResourcesBuildPhase;
			buildActionMask = 2147483647;
			files = (
				576DD73621B7FC4200E7A769 /* Assets.xcassets in Resources */,
			);
			runOnlyForDeploymentPostprocessing = 0;
		};
/* End PBXResourcesBuildPhase section */

/* Begin PBXSourcesBuildPhase section */
		2F0DAB42219AF37800217ED5 /* Sources */ = {
			isa = PBXSourcesBuildPhase;
			buildActionMask = 2147483647;
			files = (
				92A4711521B96534002E7C46 /* ValueCoin.swift in Sources */,
				92FE184521BDFBB10069AA99 /* CollectionBadgesDelegateAndDataSource.swift in Sources */,
				DC74C1E621B1D5EA00C829B2 /* Apples.swift in Sources */,
				92BFF23321B197AD00026FE8 /* Subjects.swift in Sources */,
				92ED0C2E21B57C0600AA32CB /* HourCollectionViewCell.swift in Sources */,
				2F0DABA421A3505F00217ED5 /* ModelDayPicker.swift in Sources */,
				2F0DAB9F21A2E59E00217ED5 /* AddGroupPart2ViewController.swift in Sources */,
				92BFF21721B029CF00026FE8 /* TagsTableViewCell.swift in Sources */,
				2F0DAB9A219DC3BE00217ED5 /* GroupsCollectionViewCell.swift in Sources */,
				DCEF356021B810B80025B699 /* Constants.swift in Sources */,
				2FCCE12321B64D1F002BC3D3 /* ModelCollection.swift in Sources */,
				2FCCE0E421B4E1E5002BC3D3 /* TestingViewController.swift in Sources */,
				2FCCE10C21B5EAF4002BC3D3 /* LabelsCollectionViewCell.swift in Sources */,
				DC74C1B321AED15600C829B2 /* FeedbackViewController.swift in Sources */,
				92ED0C2C21B57ACB00AA32CB /* HourCollectionViewDelegateAndDataSource.swift in Sources */,
				2F0DABA221A2EB1D00217ED5 /* Validation.swift in Sources */,
				2FCCE0E921B4F8E0002BC3D3 /* DateAndTime.swift in Sources */,
				DCEF356321B810B80025B699 /* BackspaceDetectingTextField.swift in Sources */,
				2FCCE0FD21B5A3EF002BC3D3 /* Instantiable.swift in Sources */,
				DC0296D021B7F3F20055D61C /* CreateUserViewController.swift in Sources */,
				9205F21821AC322400F5CA73 /* SlideTutorial.swift in Sources */,
				2F022D6C21A3D85B00A1293D /* ModelHourPicker.swift in Sources */,
				2F0DAB9D21A2E58F00217ED5 /* AddGroupPart1ViewController.swift in Sources */,
				92ED0C2921B572C800AA32CB /* CalendarTableViewCell.swift in Sources */,
				2F022D6E21A42B7400A1293D /* TextFieldProtocol.swift in Sources */,
				2FCCE11421B5F196002BC3D3 /* ShowTagsCollectionViewCell.swift in Sources */,
				DCEF356221B810B80025B699 /* WSTagView.swift in Sources */,
				2F0DAB52219AF37800217ED5 /* Pomar.xcdatamodeld in Sources */,
				DCEF355F21B810B80025B699 /* WSTagsField.swift in Sources */,
				92FE184121BDF8500069AA99 /* ProfileViewController.swift in Sources */,
				2FE3665821B690F200D7D909 /* InitialViewController.swift in Sources */,
				2FCCE0ED21B56186002BC3D3 /* DetailsViewController.swift in Sources */,
				2F3DDEF321AF911A00A97CA2 /* CustomHeader.swift in Sources */,
				2F0DAB4A219AF37800217ED5 /* AppDelegate.swift in Sources */,
				2F0DAB8D219B076C00217ED5 /* StudyGroupsViewController.swift in Sources */,
				9205F21321AC238100F5CA73 /* TutorialViewController.swift in Sources */,
				DCE87269219B4FFB008F78BE /* User.swift in Sources */,
				92BFF23721B3513500026FE8 /* TagsCollectionViewDelegateAndDataSource.swift in Sources */,
				92A4711821B99F62002E7C46 /* ExchangeViewController.swift in Sources */,
				2F022D6921A3C11D00A1293D /* TagsCollectionViewCell.swift in Sources */,
				2F3DDEF921B046D600A97CA2 /* ModelTag.swift in Sources */,
				92FE184721BDFF410069AA99 /* SkillsCollectionViewCell.swift in Sources */,
				92FE184321BDFB760069AA99 /* CollectionSkillsDelegateAndDataSource.swift in Sources */,
				2FCCE10821B5E74C002BC3D3 /* ButtonsCollectionViewCell.swift in Sources */,
				2FCCE11821B6019C002BC3D3 /* DateCollectionViewCell.swift in Sources */,
				DC20EDE921BEA6A80060CEC8 /* AlertError.swift in Sources */,
				2FCCE11C21B64B13002BC3D3 /* ParticipantsCollectionViewCell.swift in Sources */,
				DC74C1E321B0671000C829B2 /* UserViewCell.swift in Sources */,
				92444D4821BEB1DF00F4E6AF /* BadgesCollectionViewCell.swift in Sources */,
				DC74C1EC21B5514B00C829B2 /* AppleShape.swift in Sources */,
				DCE8726B219C53DF008F78BE /* CKManager.swift in Sources */,
				2FCCE12021B64BC1002BC3D3 /* MembersCollectionViewCell.swift in Sources */,
				DCE87275219CB1F9008F78BE /* DaySchedule.swift in Sources */,
				DCA6E34821BA9B60000E75A2 /* KeychainWrapper.swift in Sources */,
				DCA6E34A21BA9BBF000E75A2 /* KeychainAcessibility.swift in Sources */,
				DCEF356121B810B80025B699 /* WSTag.swift in Sources */,
				92A470FF21B5BA1A002E7C46 /* DatePickerView.swift in Sources */,
				9206BDB821AD6ED40013437F /* FinalTutorial.swift in Sources */,
				92269E5921AED9010053DAB5 /* AddNewGroupViewController.swift in Sources */,
				92BFF23921B354B000026FE8 /* TagsSuggestionCollectionViewCell.swift in Sources */,
				DC66117B21AD7F7400D329DA /* AppleType.swift in Sources */,
				2F3DDEEC21ADD13500A97CA2 /* UserMoney.swift in Sources */,
				92269E9721B01BC40053DAB5 /* DescriptionTableViewCell.swift in Sources */,
				DCE87266219B0C8D008F78BE /* Group.swift in Sources */,
				2F3DDEF621B023D700A97CA2 /* HeaderCollectionViewCell.swift in Sources */,
			);
			runOnlyForDeploymentPostprocessing = 0;
		};
		2F0DAB59219AF37A00217ED5 /* Sources */ = {
			isa = PBXSourcesBuildPhase;
			buildActionMask = 2147483647;
			files = (
				576DD71B21B7F4A600E7A769 /* FeedbackGroup.swift in Sources */,
				DC74C1E821B372C000C829B2 /* ApplesTests.swift in Sources */,
				DC74C1EA21B48C2800C829B2 /* AppleTypeTests.swift in Sources */,
				DC66117F21AD86DA00D329DA /* UserTests.swift in Sources */,
				2F0DAB62219AF37A00217ED5 /* PomarTests.swift in Sources */,
				DC66117D21AD86AF00D329DA /* GroupTests.swift in Sources */,
			);
			runOnlyForDeploymentPostprocessing = 0;
		};
		2F0DAB64219AF37A00217ED5 /* Sources */ = {
			isa = PBXSourcesBuildPhase;
			buildActionMask = 2147483647;
			files = (
				2F0DAB6D219AF37A00217ED5 /* PomarUITests.swift in Sources */,
			);
			runOnlyForDeploymentPostprocessing = 0;
		};
		576DD72621B7FC4100E7A769 /* Sources */ = {
			isa = PBXSourcesBuildPhase;
			buildActionMask = 2147483647;
			files = (
				576DD75421B9422300E7A769 /* RowCellController.swift in Sources */,
				576DD73421B7FC4100E7A769 /* NotificationController.swift in Sources */,
				570B037F21B9652F00CB37B4 /* CKManager.swift in Sources */,
				576DD74521B806CA00E7A769 /* GroupInterfaceController.swift in Sources */,
				570B037E21B9652500CB37B4 /* Group.swift in Sources */,
				576DD73221B7FC4100E7A769 /* ExtensionDelegate.swift in Sources */,
				570B038221B9659100CB37B4 /* Apples.swift in Sources */,
				570B038021B9656800CB37B4 /* DaySchedule.swift in Sources */,
				570B038321B965D400CB37B4 /* User.swift in Sources */,
				570B038121B9658A00CB37B4 /* AppleType.swift in Sources */,
			);
			runOnlyForDeploymentPostprocessing = 0;
		};
/* End PBXSourcesBuildPhase section */

/* Begin PBXTargetDependency section */
		2F0DAB5F219AF37A00217ED5 /* PBXTargetDependency */ = {
			isa = PBXTargetDependency;
			target = 2F0DAB45219AF37800217ED5 /* Pomar */;
			targetProxy = 2F0DAB5E219AF37A00217ED5 /* PBXContainerItemProxy */;
		};
		2F0DAB6A219AF37A00217ED5 /* PBXTargetDependency */ = {
			isa = PBXTargetDependency;
			target = 2F0DAB45219AF37800217ED5 /* Pomar */;
			targetProxy = 2F0DAB69219AF37A00217ED5 /* PBXContainerItemProxy */;
		};
		576DD72D21B7FC4100E7A769 /* PBXTargetDependency */ = {
			isa = PBXTargetDependency;
			target = 576DD72921B7FC4100E7A769 /* PomarKit Extension */;
			targetProxy = 576DD72C21B7FC4100E7A769 /* PBXContainerItemProxy */;
		};
		576DD73A21B7FC4200E7A769 /* PBXTargetDependency */ = {
			isa = PBXTargetDependency;
			target = 576DD71D21B7FC3E00E7A769 /* PomarKit */;
			targetProxy = 576DD73921B7FC4200E7A769 /* PBXContainerItemProxy */;
		};
/* End PBXTargetDependency section */

/* Begin PBXVariantGroup section */
		2F0DAB4D219AF37800217ED5 /* Main.storyboard */ = {
			isa = PBXVariantGroup;
			children = (
				2F0DAB4E219AF37800217ED5 /* Base */,
			);
			name = Main.storyboard;
			sourceTree = "<group>";
		};
		2F0DAB55219AF37A00217ED5 /* LaunchScreen.storyboard */ = {
			isa = PBXVariantGroup;
			children = (
				2F0DAB56219AF37A00217ED5 /* Base */,
			);
			name = LaunchScreen.storyboard;
			sourceTree = "<group>";
		};
		576DD72021B7FC3E00E7A769 /* Interface.storyboard */ = {
			isa = PBXVariantGroup;
			children = (
				576DD72121B7FC3E00E7A769 /* Base */,
			);
			name = Interface.storyboard;
			sourceTree = "<group>";
		};
/* End PBXVariantGroup section */

/* Begin XCBuildConfiguration section */
		2F0DAB6F219AF37A00217ED5 /* Debug */ = {
			isa = XCBuildConfiguration;
			buildSettings = {
				ALWAYS_SEARCH_USER_PATHS = NO;
				CLANG_ANALYZER_NONNULL = YES;
				CLANG_ANALYZER_NUMBER_OBJECT_CONVERSION = YES_AGGRESSIVE;
				CLANG_CXX_LANGUAGE_STANDARD = "gnu++14";
				CLANG_CXX_LIBRARY = "libc++";
				CLANG_ENABLE_MODULES = YES;
				CLANG_ENABLE_OBJC_ARC = YES;
				CLANG_ENABLE_OBJC_WEAK = YES;
				CLANG_WARN_BLOCK_CAPTURE_AUTORELEASING = YES;
				CLANG_WARN_BOOL_CONVERSION = YES;
				CLANG_WARN_COMMA = YES;
				CLANG_WARN_CONSTANT_CONVERSION = YES;
				CLANG_WARN_DEPRECATED_OBJC_IMPLEMENTATIONS = YES;
				CLANG_WARN_DIRECT_OBJC_ISA_USAGE = YES_ERROR;
				CLANG_WARN_DOCUMENTATION_COMMENTS = YES;
				CLANG_WARN_EMPTY_BODY = YES;
				CLANG_WARN_ENUM_CONVERSION = YES;
				CLANG_WARN_INFINITE_RECURSION = YES;
				CLANG_WARN_INT_CONVERSION = YES;
				CLANG_WARN_NON_LITERAL_NULL_CONVERSION = YES;
				CLANG_WARN_OBJC_IMPLICIT_RETAIN_SELF = YES;
				CLANG_WARN_OBJC_LITERAL_CONVERSION = YES;
				CLANG_WARN_OBJC_ROOT_CLASS = YES_ERROR;
				CLANG_WARN_RANGE_LOOP_ANALYSIS = YES;
				CLANG_WARN_STRICT_PROTOTYPES = YES;
				CLANG_WARN_SUSPICIOUS_MOVE = YES;
				CLANG_WARN_UNGUARDED_AVAILABILITY = YES_AGGRESSIVE;
				CLANG_WARN_UNREACHABLE_CODE = YES;
				CLANG_WARN__DUPLICATE_METHOD_MATCH = YES;
				CODE_SIGN_IDENTITY = "iPhone Developer";
				COPY_PHASE_STRIP = NO;
				DEBUG_INFORMATION_FORMAT = dwarf;
				ENABLE_STRICT_OBJC_MSGSEND = YES;
				ENABLE_TESTABILITY = YES;
				GCC_C_LANGUAGE_STANDARD = gnu11;
				GCC_DYNAMIC_NO_PIC = NO;
				GCC_NO_COMMON_BLOCKS = YES;
				GCC_OPTIMIZATION_LEVEL = 0;
				GCC_PREPROCESSOR_DEFINITIONS = (
					"DEBUG=1",
					"$(inherited)",
				);
				GCC_WARN_64_TO_32_BIT_CONVERSION = YES;
				GCC_WARN_ABOUT_RETURN_TYPE = YES_ERROR;
				GCC_WARN_UNDECLARED_SELECTOR = YES;
				GCC_WARN_UNINITIALIZED_AUTOS = YES_AGGRESSIVE;
				GCC_WARN_UNUSED_FUNCTION = YES;
				GCC_WARN_UNUSED_VARIABLE = YES;
				IPHONEOS_DEPLOYMENT_TARGET = 12.1;
				MTL_ENABLE_DEBUG_INFO = INCLUDE_SOURCE;
				MTL_FAST_MATH = YES;
				ONLY_ACTIVE_ARCH = YES;
				SDKROOT = iphoneos;
				SWIFT_ACTIVE_COMPILATION_CONDITIONS = DEBUG;
				SWIFT_OPTIMIZATION_LEVEL = "-Onone";
			};
			name = Debug;
		};
		2F0DAB70219AF37A00217ED5 /* Release */ = {
			isa = XCBuildConfiguration;
			buildSettings = {
				ALWAYS_SEARCH_USER_PATHS = NO;
				CLANG_ANALYZER_NONNULL = YES;
				CLANG_ANALYZER_NUMBER_OBJECT_CONVERSION = YES_AGGRESSIVE;
				CLANG_CXX_LANGUAGE_STANDARD = "gnu++14";
				CLANG_CXX_LIBRARY = "libc++";
				CLANG_ENABLE_MODULES = YES;
				CLANG_ENABLE_OBJC_ARC = YES;
				CLANG_ENABLE_OBJC_WEAK = YES;
				CLANG_WARN_BLOCK_CAPTURE_AUTORELEASING = YES;
				CLANG_WARN_BOOL_CONVERSION = YES;
				CLANG_WARN_COMMA = YES;
				CLANG_WARN_CONSTANT_CONVERSION = YES;
				CLANG_WARN_DEPRECATED_OBJC_IMPLEMENTATIONS = YES;
				CLANG_WARN_DIRECT_OBJC_ISA_USAGE = YES_ERROR;
				CLANG_WARN_DOCUMENTATION_COMMENTS = YES;
				CLANG_WARN_EMPTY_BODY = YES;
				CLANG_WARN_ENUM_CONVERSION = YES;
				CLANG_WARN_INFINITE_RECURSION = YES;
				CLANG_WARN_INT_CONVERSION = YES;
				CLANG_WARN_NON_LITERAL_NULL_CONVERSION = YES;
				CLANG_WARN_OBJC_IMPLICIT_RETAIN_SELF = YES;
				CLANG_WARN_OBJC_LITERAL_CONVERSION = YES;
				CLANG_WARN_OBJC_ROOT_CLASS = YES_ERROR;
				CLANG_WARN_RANGE_LOOP_ANALYSIS = YES;
				CLANG_WARN_STRICT_PROTOTYPES = YES;
				CLANG_WARN_SUSPICIOUS_MOVE = YES;
				CLANG_WARN_UNGUARDED_AVAILABILITY = YES_AGGRESSIVE;
				CLANG_WARN_UNREACHABLE_CODE = YES;
				CLANG_WARN__DUPLICATE_METHOD_MATCH = YES;
				CODE_SIGN_IDENTITY = "iPhone Developer";
				COPY_PHASE_STRIP = NO;
				DEBUG_INFORMATION_FORMAT = "dwarf-with-dsym";
				ENABLE_NS_ASSERTIONS = NO;
				ENABLE_STRICT_OBJC_MSGSEND = YES;
				GCC_C_LANGUAGE_STANDARD = gnu11;
				GCC_NO_COMMON_BLOCKS = YES;
				GCC_WARN_64_TO_32_BIT_CONVERSION = YES;
				GCC_WARN_ABOUT_RETURN_TYPE = YES_ERROR;
				GCC_WARN_UNDECLARED_SELECTOR = YES;
				GCC_WARN_UNINITIALIZED_AUTOS = YES_AGGRESSIVE;
				GCC_WARN_UNUSED_FUNCTION = YES;
				GCC_WARN_UNUSED_VARIABLE = YES;
				IPHONEOS_DEPLOYMENT_TARGET = 12.1;
				MTL_ENABLE_DEBUG_INFO = NO;
				MTL_FAST_MATH = YES;
				SDKROOT = iphoneos;
				SWIFT_COMPILATION_MODE = wholemodule;
				SWIFT_OPTIMIZATION_LEVEL = "-O";
				VALIDATE_PRODUCT = YES;
			};
			name = Release;
		};
		2F0DAB72219AF37A00217ED5 /* Debug */ = {
			isa = XCBuildConfiguration;
			buildSettings = {
				ASSETCATALOG_COMPILER_APPICON_NAME = AppIcon;
				CODE_SIGN_ENTITLEMENTS = Pomar/Pomar.entitlements;
				CODE_SIGN_STYLE = Automatic;
				DEVELOPMENT_TEAM = "";
				INFOPLIST_FILE = Pomar/Info.plist;
				IPHONEOS_DEPLOYMENT_TARGET = 12.0;
				LD_RUNPATH_SEARCH_PATHS = (
					"$(inherited)",
					"@executable_path/Frameworks",
				);
				PRODUCT_BUNDLE_IDENTIFIER = "Paloma-Bispo.Pomar";
				PRODUCT_NAME = "$(TARGET_NAME)";
				SWIFT_VERSION = 4.2;
				TARGETED_DEVICE_FAMILY = "1,2";
			};
			name = Debug;
		};
		2F0DAB73219AF37A00217ED5 /* Release */ = {
			isa = XCBuildConfiguration;
			buildSettings = {
				ASSETCATALOG_COMPILER_APPICON_NAME = AppIcon;
				CODE_SIGN_ENTITLEMENTS = Pomar/Pomar.entitlements;
				CODE_SIGN_STYLE = Automatic;
				DEVELOPMENT_TEAM = "";
				INFOPLIST_FILE = Pomar/Info.plist;
				IPHONEOS_DEPLOYMENT_TARGET = 12.0;
				LD_RUNPATH_SEARCH_PATHS = (
					"$(inherited)",
					"@executable_path/Frameworks",
				);
				PRODUCT_BUNDLE_IDENTIFIER = "Paloma-Bispo.Pomar";
				PRODUCT_NAME = "$(TARGET_NAME)";
				SWIFT_VERSION = 4.2;
				TARGETED_DEVICE_FAMILY = "1,2";
			};
			name = Release;
		};
		2F0DAB75219AF37A00217ED5 /* Debug */ = {
			isa = XCBuildConfiguration;
			buildSettings = {
				ALWAYS_EMBED_SWIFT_STANDARD_LIBRARIES = YES;
				BUNDLE_LOADER = "$(TEST_HOST)";
				CODE_SIGN_STYLE = Automatic;
				DEVELOPMENT_TEAM = MQ922JMCL6;
				INFOPLIST_FILE = PomarTests/Info.plist;
				LD_RUNPATH_SEARCH_PATHS = (
					"$(inherited)",
					"@executable_path/Frameworks",
					"@loader_path/Frameworks",
				);
				PRODUCT_BUNDLE_IDENTIFIER = "Paloma-Bispo.PomarTests";
				PRODUCT_NAME = "$(TARGET_NAME)";
				SWIFT_VERSION = 4.2;
				TARGETED_DEVICE_FAMILY = "1,2";
				TEST_HOST = "$(BUILT_PRODUCTS_DIR)/Pomar.app/Pomar";
			};
			name = Debug;
		};
		2F0DAB76219AF37A00217ED5 /* Release */ = {
			isa = XCBuildConfiguration;
			buildSettings = {
				ALWAYS_EMBED_SWIFT_STANDARD_LIBRARIES = YES;
				BUNDLE_LOADER = "$(TEST_HOST)";
				CODE_SIGN_STYLE = Automatic;
				DEVELOPMENT_TEAM = MQ922JMCL6;
				INFOPLIST_FILE = PomarTests/Info.plist;
				LD_RUNPATH_SEARCH_PATHS = (
					"$(inherited)",
					"@executable_path/Frameworks",
					"@loader_path/Frameworks",
				);
				PRODUCT_BUNDLE_IDENTIFIER = "Paloma-Bispo.PomarTests";
				PRODUCT_NAME = "$(TARGET_NAME)";
				SWIFT_VERSION = 4.2;
				TARGETED_DEVICE_FAMILY = "1,2";
				TEST_HOST = "$(BUILT_PRODUCTS_DIR)/Pomar.app/Pomar";
			};
			name = Release;
		};
		2F0DAB78219AF37A00217ED5 /* Debug */ = {
			isa = XCBuildConfiguration;
			buildSettings = {
				ALWAYS_EMBED_SWIFT_STANDARD_LIBRARIES = YES;
				CODE_SIGN_STYLE = Automatic;
				DEVELOPMENT_TEAM = MQ922JMCL6;
				INFOPLIST_FILE = PomarUITests/Info.plist;
				LD_RUNPATH_SEARCH_PATHS = (
					"$(inherited)",
					"@executable_path/Frameworks",
					"@loader_path/Frameworks",
				);
				PRODUCT_BUNDLE_IDENTIFIER = "Paloma-Bispo.PomarUITests";
				PRODUCT_NAME = "$(TARGET_NAME)";
				SWIFT_VERSION = 4.2;
				TARGETED_DEVICE_FAMILY = "1,2";
				TEST_TARGET_NAME = Pomar;
			};
			name = Debug;
		};
		2F0DAB79219AF37A00217ED5 /* Release */ = {
			isa = XCBuildConfiguration;
			buildSettings = {
				ALWAYS_EMBED_SWIFT_STANDARD_LIBRARIES = YES;
				CODE_SIGN_STYLE = Automatic;
				DEVELOPMENT_TEAM = MQ922JMCL6;
				INFOPLIST_FILE = PomarUITests/Info.plist;
				LD_RUNPATH_SEARCH_PATHS = (
					"$(inherited)",
					"@executable_path/Frameworks",
					"@loader_path/Frameworks",
				);
				PRODUCT_BUNDLE_IDENTIFIER = "Paloma-Bispo.PomarUITests";
				PRODUCT_NAME = "$(TARGET_NAME)";
				SWIFT_VERSION = 4.2;
				TARGETED_DEVICE_FAMILY = "1,2";
				TEST_TARGET_NAME = Pomar;
			};
			name = Release;
		};
		576DD73C21B7FC4200E7A769 /* Debug */ = {
			isa = XCBuildConfiguration;
			buildSettings = {
				ALWAYS_EMBED_SWIFT_STANDARD_LIBRARIES = YES;
				ASSETCATALOG_COMPILER_APPICON_NAME = AppIcon;
				CODE_SIGN_STYLE = Automatic;
				DEVELOPMENT_TEAM = MQ922JMCL6;
				IBSC_MODULE = PomarKit_Extension;
				INFOPLIST_FILE = PomarKit/Info.plist;
				PRODUCT_BUNDLE_IDENTIFIER = "Paloma-Bispo.Pomar.watchkitapp";
				PRODUCT_NAME = "$(TARGET_NAME)";
				SDKROOT = watchos;
				SKIP_INSTALL = YES;
				SWIFT_VERSION = 4.2;
				TARGETED_DEVICE_FAMILY = 4;
				WATCHOS_DEPLOYMENT_TARGET = 5.1;
			};
			name = Debug;
		};
		576DD73D21B7FC4200E7A769 /* Release */ = {
			isa = XCBuildConfiguration;
			buildSettings = {
				ALWAYS_EMBED_SWIFT_STANDARD_LIBRARIES = YES;
				ASSETCATALOG_COMPILER_APPICON_NAME = AppIcon;
				CODE_SIGN_STYLE = Automatic;
				DEVELOPMENT_TEAM = MQ922JMCL6;
				IBSC_MODULE = PomarKit_Extension;
				INFOPLIST_FILE = PomarKit/Info.plist;
				PRODUCT_BUNDLE_IDENTIFIER = "Paloma-Bispo.Pomar.watchkitapp";
				PRODUCT_NAME = "$(TARGET_NAME)";
				SDKROOT = watchos;
				SKIP_INSTALL = YES;
				SWIFT_VERSION = 4.2;
				TARGETED_DEVICE_FAMILY = 4;
				WATCHOS_DEPLOYMENT_TARGET = 5.1;
			};
			name = Release;
		};
		576DD73E21B7FC4200E7A769 /* Debug */ = {
			isa = XCBuildConfiguration;
			buildSettings = {
				ASSETCATALOG_COMPILER_COMPLICATION_NAME = Complication;
				CODE_SIGN_ENTITLEMENTS = "PomarKit Extension/PomarKit Extension.entitlements";
				CODE_SIGN_STYLE = Automatic;
				DEVELOPMENT_TEAM = 7ZRHSKUH65;
				INFOPLIST_FILE = "PomarKit Extension/Info.plist";
				LD_RUNPATH_SEARCH_PATHS = (
					"$(inherited)",
					"@executable_path/Frameworks",
					"@executable_path/../../Frameworks",
				);
				PRODUCT_BUNDLE_IDENTIFIER = "Paloma-Bispo.Pomar.watchkitapp.watchkitextension2";
				PRODUCT_NAME = "${TARGET_NAME}";
				SDKROOT = watchos;
				SKIP_INSTALL = YES;
				SWIFT_VERSION = 4.2;
				TARGETED_DEVICE_FAMILY = 4;
				WATCHOS_DEPLOYMENT_TARGET = 5.1;
			};
			name = Debug;
		};
		576DD73F21B7FC4200E7A769 /* Release */ = {
			isa = XCBuildConfiguration;
			buildSettings = {
				ASSETCATALOG_COMPILER_COMPLICATION_NAME = Complication;
				CODE_SIGN_ENTITLEMENTS = "PomarKit Extension/PomarKit Extension.entitlements";
				CODE_SIGN_STYLE = Automatic;
				DEVELOPMENT_TEAM = 7ZRHSKUH65;
				INFOPLIST_FILE = "PomarKit Extension/Info.plist";
				LD_RUNPATH_SEARCH_PATHS = (
					"$(inherited)",
					"@executable_path/Frameworks",
					"@executable_path/../../Frameworks",
				);
				PRODUCT_BUNDLE_IDENTIFIER = "Paloma-Bispo.Pomar.watchkitapp.watchkitextension2";
				PRODUCT_NAME = "${TARGET_NAME}";
				SDKROOT = watchos;
				SKIP_INSTALL = YES;
				SWIFT_VERSION = 4.2;
				TARGETED_DEVICE_FAMILY = 4;
				WATCHOS_DEPLOYMENT_TARGET = 5.1;
			};
			name = Release;
		};
/* End XCBuildConfiguration section */

/* Begin XCConfigurationList section */
		2F0DAB41219AF37800217ED5 /* Build configuration list for PBXProject "Pomar" */ = {
			isa = XCConfigurationList;
			buildConfigurations = (
				2F0DAB6F219AF37A00217ED5 /* Debug */,
				2F0DAB70219AF37A00217ED5 /* Release */,
			);
			defaultConfigurationIsVisible = 0;
			defaultConfigurationName = Release;
		};
		2F0DAB71219AF37A00217ED5 /* Build configuration list for PBXNativeTarget "Pomar" */ = {
			isa = XCConfigurationList;
			buildConfigurations = (
				2F0DAB72219AF37A00217ED5 /* Debug */,
				2F0DAB73219AF37A00217ED5 /* Release */,
			);
			defaultConfigurationIsVisible = 0;
			defaultConfigurationName = Release;
		};
		2F0DAB74219AF37A00217ED5 /* Build configuration list for PBXNativeTarget "PomarTests" */ = {
			isa = XCConfigurationList;
			buildConfigurations = (
				2F0DAB75219AF37A00217ED5 /* Debug */,
				2F0DAB76219AF37A00217ED5 /* Release */,
			);
			defaultConfigurationIsVisible = 0;
			defaultConfigurationName = Release;
		};
		2F0DAB77219AF37A00217ED5 /* Build configuration list for PBXNativeTarget "PomarUITests" */ = {
			isa = XCConfigurationList;
			buildConfigurations = (
				2F0DAB78219AF37A00217ED5 /* Debug */,
				2F0DAB79219AF37A00217ED5 /* Release */,
			);
			defaultConfigurationIsVisible = 0;
			defaultConfigurationName = Release;
		};
		576DD74021B7FC4200E7A769 /* Build configuration list for PBXNativeTarget "PomarKit Extension" */ = {
			isa = XCConfigurationList;
			buildConfigurations = (
				576DD73E21B7FC4200E7A769 /* Debug */,
				576DD73F21B7FC4200E7A769 /* Release */,
			);
			defaultConfigurationIsVisible = 0;
			defaultConfigurationName = Release;
		};
		576DD74221B7FC4200E7A769 /* Build configuration list for PBXNativeTarget "PomarKit" */ = {
			isa = XCConfigurationList;
			buildConfigurations = (
				576DD73C21B7FC4200E7A769 /* Debug */,
				576DD73D21B7FC4200E7A769 /* Release */,
			);
			defaultConfigurationIsVisible = 0;
			defaultConfigurationName = Release;
		};
/* End XCConfigurationList section */

/* Begin XCVersionGroup section */
		2F0DAB50219AF37800217ED5 /* Pomar.xcdatamodeld */ = {
			isa = XCVersionGroup;
			children = (
				2F0DAB51219AF37800217ED5 /* Pomar.xcdatamodel */,
			);
			currentVersion = 2F0DAB51219AF37800217ED5 /* Pomar.xcdatamodel */;
			path = Pomar.xcdatamodeld;
			sourceTree = "<group>";
			versionGroupType = wrapper.xcdatamodel;
		};
/* End XCVersionGroup section */
	};
	rootObject = 2F0DAB3E219AF37800217ED5 /* Project object */;
}
