// !$*UTF8*$!
{
	archiveVersion = 1;
	classes = {
	};
	objectVersion = 50;
	objects = {

/* Begin PBXBuildFile section */
		2F022D6921A3C11D00A1293D /* TagsCollectionViewCell.swift in Sources */ = {isa = PBXBuildFile; fileRef = 2F022D6721A3C11D00A1293D /* TagsCollectionViewCell.swift */; };
		2F022D6A21A3C11D00A1293D /* TagsCollectionViewCell.xib in Resources */ = {isa = PBXBuildFile; fileRef = 2F022D6821A3C11D00A1293D /* TagsCollectionViewCell.xib */; };
		2F022D6C21A3D85B00A1293D /* ModelHourPicker.swift in Sources */ = {isa = PBXBuildFile; fileRef = 2F022D6B21A3D85B00A1293D /* ModelHourPicker.swift */; };
		2F022D6E21A42B7400A1293D /* TextFieldProtocol.swift in Sources */ = {isa = PBXBuildFile; fileRef = 2F022D6D21A42B7400A1293D /* TextFieldProtocol.swift */; };
		2F0DAB4A219AF37800217ED5 /* AppDelegate.swift in Sources */ = {isa = PBXBuildFile; fileRef = 2F0DAB49219AF37800217ED5 /* AppDelegate.swift */; };
		2F0DAB4F219AF37800217ED5 /* Main.storyboard in Resources */ = {isa = PBXBuildFile; fileRef = 2F0DAB4D219AF37800217ED5 /* Main.storyboard */; };
		2F0DAB52219AF37800217ED5 /* Pomar.xcdatamodeld in Sources */ = {isa = PBXBuildFile; fileRef = 2F0DAB50219AF37800217ED5 /* Pomar.xcdatamodeld */; };
		2F0DAB54219AF37A00217ED5 /* Assets.xcassets in Resources */ = {isa = PBXBuildFile; fileRef = 2F0DAB53219AF37A00217ED5 /* Assets.xcassets */; };
		2F0DAB57219AF37A00217ED5 /* LaunchScreen.storyboard in Resources */ = {isa = PBXBuildFile; fileRef = 2F0DAB55219AF37A00217ED5 /* LaunchScreen.storyboard */; };
		2F0DAB62219AF37A00217ED5 /* PomarTests.swift in Sources */ = {isa = PBXBuildFile; fileRef = 2F0DAB61219AF37A00217ED5 /* PomarTests.swift */; };
		2F0DAB6D219AF37A00217ED5 /* PomarUITests.swift in Sources */ = {isa = PBXBuildFile; fileRef = 2F0DAB6C219AF37A00217ED5 /* PomarUITests.swift */; };
		2F0DAB82219AFA7C00217ED5 /* CloudKit.framework in Frameworks */ = {isa = PBXBuildFile; fileRef = 2F0DAB81219AFA7C00217ED5 /* CloudKit.framework */; };
		2F0DAB85219B020000217ED5 /* Groups.storyboard in Resources */ = {isa = PBXBuildFile; fileRef = 2F0DAB84219B020000217ED5 /* Groups.storyboard */; };
		2F0DAB87219B021C00217ED5 /* Questions.storyboard in Resources */ = {isa = PBXBuildFile; fileRef = 2F0DAB86219B021C00217ED5 /* Questions.storyboard */; };
		2F0DAB89219B022A00217ED5 /* Profile.storyboard in Resources */ = {isa = PBXBuildFile; fileRef = 2F0DAB88219B022A00217ED5 /* Profile.storyboard */; };
		2F0DAB8B219B026300217ED5 /* Missions.storyboard in Resources */ = {isa = PBXBuildFile; fileRef = 2F0DAB8A219B026300217ED5 /* Missions.storyboard */; };
		2F0DAB8D219B076C00217ED5 /* StudyGroupsViewController.swift in Sources */ = {isa = PBXBuildFile; fileRef = 2F0DAB8C219B076C00217ED5 /* StudyGroupsViewController.swift */; };
		2F0DAB9A219DC3BE00217ED5 /* GroupsCollectionViewCell.swift in Sources */ = {isa = PBXBuildFile; fileRef = 2F0DAB98219DC3BE00217ED5 /* GroupsCollectionViewCell.swift */; };
		2F0DAB9B219DC3BE00217ED5 /* GroupsCollectionViewCell.xib in Resources */ = {isa = PBXBuildFile; fileRef = 2F0DAB99219DC3BE00217ED5 /* GroupsCollectionViewCell.xib */; };
		2F0DAB9D21A2E58F00217ED5 /* AddGroupPart1ViewController.swift in Sources */ = {isa = PBXBuildFile; fileRef = 2F0DAB9C21A2E58F00217ED5 /* AddGroupPart1ViewController.swift */; };
		2F0DAB9F21A2E59E00217ED5 /* AddGroupPart2ViewController.swift in Sources */ = {isa = PBXBuildFile; fileRef = 2F0DAB9E21A2E59E00217ED5 /* AddGroupPart2ViewController.swift */; };
		2F0DABA221A2EB1D00217ED5 /* Validation.swift in Sources */ = {isa = PBXBuildFile; fileRef = 2F0DABA121A2EB1D00217ED5 /* Validation.swift */; };
		2F0DABA421A3505F00217ED5 /* ModelDayPicker.swift in Sources */ = {isa = PBXBuildFile; fileRef = 2F0DABA321A3505F00217ED5 /* ModelDayPicker.swift */; };
		2F3DDEE721ADC34700A97CA2 /* Initial.storyboard in Resources */ = {isa = PBXBuildFile; fileRef = 2F3DDEE621ADC34700A97CA2 /* Initial.storyboard */; };
		9205F20F21AC215900F5CA73 /* Tutorial.storyboard in Resources */ = {isa = PBXBuildFile; fileRef = 9205F20E21AC215900F5CA73 /* Tutorial.storyboard */; };
		9205F21321AC238100F5CA73 /* TutorialViewController.swift in Sources */ = {isa = PBXBuildFile; fileRef = 9205F21121AC238100F5CA73 /* TutorialViewController.swift */; };
		9205F21621AC30DD00F5CA73 /* SlideTutorial.xib in Resources */ = {isa = PBXBuildFile; fileRef = 9205F21521AC30DD00F5CA73 /* SlideTutorial.xib */; };
		9205F21821AC322400F5CA73 /* SlideTutorial.swift in Sources */ = {isa = PBXBuildFile; fileRef = 9205F21721AC322400F5CA73 /* SlideTutorial.swift */; };
		9206BDB621AD6AE50013437F /* FinalTutorial.xib in Resources */ = {isa = PBXBuildFile; fileRef = 9206BDB521AD6AE50013437F /* FinalTutorial.xib */; };
		9206BDB821AD6ED40013437F /* FinalTutorial.swift in Sources */ = {isa = PBXBuildFile; fileRef = 9206BDB721AD6ED40013437F /* FinalTutorial.swift */; };
		DCE87266219B0C8D008F78BE /* Group.swift in Sources */ = {isa = PBXBuildFile; fileRef = DCE87265219B0C8D008F78BE /* Group.swift */; };
		DCE87269219B4FFB008F78BE /* User.swift in Sources */ = {isa = PBXBuildFile; fileRef = DCE87268219B4FFB008F78BE /* User.swift */; };
		DCE8726B219C53DF008F78BE /* CKManager.swift in Sources */ = {isa = PBXBuildFile; fileRef = DCE8726A219C53DF008F78BE /* CKManager.swift */; };
		DCE87275219CB1F9008F78BE /* DaySchedule.swift in Sources */ = {isa = PBXBuildFile; fileRef = DCE87274219CB1F9008F78BE /* DaySchedule.swift */; };
/* End PBXBuildFile section */

/* Begin PBXContainerItemProxy section */
		2F0DAB5E219AF37A00217ED5 /* PBXContainerItemProxy */ = {
			isa = PBXContainerItemProxy;
			containerPortal = 2F0DAB3E219AF37800217ED5 /* Project object */;
			proxyType = 1;
			remoteGlobalIDString = 2F0DAB45219AF37800217ED5;
			remoteInfo = Pomar;
		};
		2F0DAB69219AF37A00217ED5 /* PBXContainerItemProxy */ = {
			isa = PBXContainerItemProxy;
			containerPortal = 2F0DAB3E219AF37800217ED5 /* Project object */;
			proxyType = 1;
			remoteGlobalIDString = 2F0DAB45219AF37800217ED5;
			remoteInfo = Pomar;
		};
/* End PBXContainerItemProxy section */

/* Begin PBXFileReference section */
		2F022D6721A3C11D00A1293D /* TagsCollectionViewCell.swift */ = {isa = PBXFileReference; lastKnownFileType = sourcecode.swift; path = TagsCollectionViewCell.swift; sourceTree = "<group>"; };
		2F022D6821A3C11D00A1293D /* TagsCollectionViewCell.xib */ = {isa = PBXFileReference; lastKnownFileType = file.xib; path = TagsCollectionViewCell.xib; sourceTree = "<group>"; };
		2F022D6B21A3D85B00A1293D /* ModelHourPicker.swift */ = {isa = PBXFileReference; lastKnownFileType = sourcecode.swift; path = ModelHourPicker.swift; sourceTree = "<group>"; };
		2F022D6D21A42B7400A1293D /* TextFieldProtocol.swift */ = {isa = PBXFileReference; lastKnownFileType = sourcecode.swift; path = TextFieldProtocol.swift; sourceTree = "<group>"; };
		2F0DAB46219AF37800217ED5 /* Pomar.app */ = {isa = PBXFileReference; explicitFileType = wrapper.application; includeInIndex = 0; path = Pomar.app; sourceTree = BUILT_PRODUCTS_DIR; };
		2F0DAB49219AF37800217ED5 /* AppDelegate.swift */ = {isa = PBXFileReference; lastKnownFileType = sourcecode.swift; path = AppDelegate.swift; sourceTree = "<group>"; };
		2F0DAB4E219AF37800217ED5 /* Base */ = {isa = PBXFileReference; lastKnownFileType = file.storyboard; name = Base; path = Base.lproj/Main.storyboard; sourceTree = "<group>"; };
		2F0DAB51219AF37800217ED5 /* Pomar.xcdatamodel */ = {isa = PBXFileReference; lastKnownFileType = wrapper.xcdatamodel; path = Pomar.xcdatamodel; sourceTree = "<group>"; };
		2F0DAB53219AF37A00217ED5 /* Assets.xcassets */ = {isa = PBXFileReference; lastKnownFileType = folder.assetcatalog; path = Assets.xcassets; sourceTree = "<group>"; };
		2F0DAB56219AF37A00217ED5 /* Base */ = {isa = PBXFileReference; lastKnownFileType = file.storyboard; name = Base; path = Base.lproj/LaunchScreen.storyboard; sourceTree = "<group>"; };
		2F0DAB58219AF37A00217ED5 /* Info.plist */ = {isa = PBXFileReference; lastKnownFileType = text.plist.xml; path = Info.plist; sourceTree = "<group>"; };
		2F0DAB5D219AF37A00217ED5 /* PomarTests.xctest */ = {isa = PBXFileReference; explicitFileType = wrapper.cfbundle; includeInIndex = 0; path = PomarTests.xctest; sourceTree = BUILT_PRODUCTS_DIR; };
		2F0DAB61219AF37A00217ED5 /* PomarTests.swift */ = {isa = PBXFileReference; lastKnownFileType = sourcecode.swift; path = PomarTests.swift; sourceTree = "<group>"; };
		2F0DAB63219AF37A00217ED5 /* Info.plist */ = {isa = PBXFileReference; lastKnownFileType = text.plist.xml; path = Info.plist; sourceTree = "<group>"; };
		2F0DAB68219AF37A00217ED5 /* PomarUITests.xctest */ = {isa = PBXFileReference; explicitFileType = wrapper.cfbundle; includeInIndex = 0; path = PomarUITests.xctest; sourceTree = BUILT_PRODUCTS_DIR; };
		2F0DAB6C219AF37A00217ED5 /* PomarUITests.swift */ = {isa = PBXFileReference; lastKnownFileType = sourcecode.swift; path = PomarUITests.swift; sourceTree = "<group>"; };
		2F0DAB6E219AF37A00217ED5 /* Info.plist */ = {isa = PBXFileReference; lastKnownFileType = text.plist.xml; path = Info.plist; sourceTree = "<group>"; };
		2F0DAB7D219AF9E400217ED5 /* Pomar.entitlements */ = {isa = PBXFileReference; lastKnownFileType = text.plist.entitlements; path = Pomar.entitlements; sourceTree = "<group>"; };
		2F0DAB81219AFA7C00217ED5 /* CloudKit.framework */ = {isa = PBXFileReference; lastKnownFileType = wrapper.framework; name = CloudKit.framework; path = System/Library/Frameworks/CloudKit.framework; sourceTree = SDKROOT; };
		2F0DAB84219B020000217ED5 /* Groups.storyboard */ = {isa = PBXFileReference; lastKnownFileType = file.storyboard; path = Groups.storyboard; sourceTree = "<group>"; };
		2F0DAB86219B021C00217ED5 /* Questions.storyboard */ = {isa = PBXFileReference; lastKnownFileType = file.storyboard; path = Questions.storyboard; sourceTree = "<group>"; };
		2F0DAB88219B022A00217ED5 /* Profile.storyboard */ = {isa = PBXFileReference; lastKnownFileType = file.storyboard; path = Profile.storyboard; sourceTree = "<group>"; };
		2F0DAB8A219B026300217ED5 /* Missions.storyboard */ = {isa = PBXFileReference; lastKnownFileType = file.storyboard; path = Missions.storyboard; sourceTree = "<group>"; };
		2F0DAB8C219B076C00217ED5 /* StudyGroupsViewController.swift */ = {isa = PBXFileReference; lastKnownFileType = sourcecode.swift; path = StudyGroupsViewController.swift; sourceTree = "<group>"; };
		2F0DAB98219DC3BE00217ED5 /* GroupsCollectionViewCell.swift */ = {isa = PBXFileReference; lastKnownFileType = sourcecode.swift; path = GroupsCollectionViewCell.swift; sourceTree = "<group>"; };
		2F0DAB99219DC3BE00217ED5 /* GroupsCollectionViewCell.xib */ = {isa = PBXFileReference; lastKnownFileType = file.xib; path = GroupsCollectionViewCell.xib; sourceTree = "<group>"; };
		2F0DAB9C21A2E58F00217ED5 /* AddGroupPart1ViewController.swift */ = {isa = PBXFileReference; lastKnownFileType = sourcecode.swift; path = AddGroupPart1ViewController.swift; sourceTree = "<group>"; };
		2F0DAB9E21A2E59E00217ED5 /* AddGroupPart2ViewController.swift */ = {isa = PBXFileReference; lastKnownFileType = sourcecode.swift; path = AddGroupPart2ViewController.swift; sourceTree = "<group>"; };
		2F0DABA121A2EB1D00217ED5 /* Validation.swift */ = {isa = PBXFileReference; lastKnownFileType = sourcecode.swift; path = Validation.swift; sourceTree = "<group>"; };
		2F0DABA321A3505F00217ED5 /* ModelDayPicker.swift */ = {isa = PBXFileReference; lastKnownFileType = sourcecode.swift; path = ModelDayPicker.swift; sourceTree = "<group>"; };
		2F3DDEE621ADC34700A97CA2 /* Initial.storyboard */ = {isa = PBXFileReference; fileEncoding = 4; lastKnownFileType = file.storyboard; path = Initial.storyboard; sourceTree = "<group>"; };
		9205F20E21AC215900F5CA73 /* Tutorial.storyboard */ = {isa = PBXFileReference; lastKnownFileType = file.storyboard; path = Tutorial.storyboard; sourceTree = "<group>"; };
		9205F21121AC238100F5CA73 /* TutorialViewController.swift */ = {isa = PBXFileReference; lastKnownFileType = sourcecode.swift; path = TutorialViewController.swift; sourceTree = "<group>"; };
		9205F21521AC30DD00F5CA73 /* SlideTutorial.xib */ = {isa = PBXFileReference; lastKnownFileType = file.xib; path = SlideTutorial.xib; sourceTree = "<group>"; };
		9205F21721AC322400F5CA73 /* SlideTutorial.swift */ = {isa = PBXFileReference; lastKnownFileType = sourcecode.swift; path = SlideTutorial.swift; sourceTree = "<group>"; };
		9206BDB521AD6AE50013437F /* FinalTutorial.xib */ = {isa = PBXFileReference; lastKnownFileType = file.xib; path = FinalTutorial.xib; sourceTree = "<group>"; };
		9206BDB721AD6ED40013437F /* FinalTutorial.swift */ = {isa = PBXFileReference; lastKnownFileType = sourcecode.swift; path = FinalTutorial.swift; sourceTree = "<group>"; };
		DCE87265219B0C8D008F78BE /* Group.swift */ = {isa = PBXFileReference; lastKnownFileType = sourcecode.swift; path = Group.swift; sourceTree = "<group>"; };
		DCE87268219B4FFB008F78BE /* User.swift */ = {isa = PBXFileReference; lastKnownFileType = sourcecode.swift; path = User.swift; sourceTree = "<group>"; };
		DCE8726A219C53DF008F78BE /* CKManager.swift */ = {isa = PBXFileReference; lastKnownFileType = sourcecode.swift; path = CKManager.swift; sourceTree = "<group>"; };
		DCE87274219CB1F9008F78BE /* DaySchedule.swift */ = {isa = PBXFileReference; lastKnownFileType = sourcecode.swift; path = DaySchedule.swift; sourceTree = "<group>"; };
/* End PBXFileReference section */

/* Begin PBXFrameworksBuildPhase section */
		2F0DAB43219AF37800217ED5 /* Frameworks */ = {
			isa = PBXFrameworksBuildPhase;
			buildActionMask = 2147483647;
			files = (
				2F0DAB82219AFA7C00217ED5 /* CloudKit.framework in Frameworks */,
			);
			runOnlyForDeploymentPostprocessing = 0;
		};
		2F0DAB5A219AF37A00217ED5 /* Frameworks */ = {
			isa = PBXFrameworksBuildPhase;
			buildActionMask = 2147483647;
			files = (
			);
			runOnlyForDeploymentPostprocessing = 0;
		};
		2F0DAB65219AF37A00217ED5 /* Frameworks */ = {
			isa = PBXFrameworksBuildPhase;
			buildActionMask = 2147483647;
			files = (
			);
			runOnlyForDeploymentPostprocessing = 0;
		};
/* End PBXFrameworksBuildPhase section */

/* Begin PBXGroup section */
		2F0DAB3D219AF37800217ED5 = {
			isa = PBXGroup;
			children = (
				2F0DAB48219AF37800217ED5 /* Pomar */,
				2F0DAB60219AF37A00217ED5 /* PomarTests */,
				2F0DAB6B219AF37A00217ED5 /* PomarUITests */,
				2F0DAB47219AF37800217ED5 /* Products */,
				2F0DAB7E219AFA1200217ED5 /* Frameworks */,
			);
			sourceTree = "<group>";
		};
		2F0DAB47219AF37800217ED5 /* Products */ = {
			isa = PBXGroup;
			children = (
				2F0DAB46219AF37800217ED5 /* Pomar.app */,
				2F0DAB5D219AF37A00217ED5 /* PomarTests.xctest */,
				2F0DAB68219AF37A00217ED5 /* PomarUITests.xctest */,
			);
			name = Products;
			sourceTree = "<group>";
		};
		2F0DAB48219AF37800217ED5 /* Pomar */ = {
			isa = PBXGroup;
			children = (
				2F0DAB7D219AF9E400217ED5 /* Pomar.entitlements */,
				2F0DAB7C219AF99600217ED5 /* Controller */,
				2F0DAB7B219AF98E00217ED5 /* View */,
				2F0DAB7A219AF98300217ED5 /* Model */,
				2F0DAB49219AF37800217ED5 /* AppDelegate.swift */,
				2F0DAB53219AF37A00217ED5 /* Assets.xcassets */,
				2F0DAB55219AF37A00217ED5 /* LaunchScreen.storyboard */,
				2F0DAB58219AF37A00217ED5 /* Info.plist */,
				2F0DAB50219AF37800217ED5 /* Pomar.xcdatamodeld */,
			);
			path = Pomar;
			sourceTree = "<group>";
		};
		2F0DAB60219AF37A00217ED5 /* PomarTests */ = {
			isa = PBXGroup;
			children = (
				2F0DAB61219AF37A00217ED5 /* PomarTests.swift */,
				2F0DAB63219AF37A00217ED5 /* Info.plist */,
			);
			path = PomarTests;
			sourceTree = "<group>";
		};
		2F0DAB6B219AF37A00217ED5 /* PomarUITests */ = {
			isa = PBXGroup;
			children = (
				2F0DAB6C219AF37A00217ED5 /* PomarUITests.swift */,
				2F0DAB6E219AF37A00217ED5 /* Info.plist */,
			);
			path = PomarUITests;
			sourceTree = "<group>";
		};
		2F0DAB7A219AF98300217ED5 /* Model */ = {
			isa = PBXGroup;
			children = (
				DCE87265219B0C8D008F78BE /* Group.swift */,
				DCE87268219B4FFB008F78BE /* User.swift */,
				DCE87274219CB1F9008F78BE /* DaySchedule.swift */,
				2F0DABA121A2EB1D00217ED5 /* Validation.swift */,
				2F0DABA321A3505F00217ED5 /* ModelDayPicker.swift */,
				2F022D6B21A3D85B00A1293D /* ModelHourPicker.swift */,
				2F022D6D21A42B7400A1293D /* TextFieldProtocol.swift */,
				DCE8726A219C53DF008F78BE /* CKManager.swift */,
			);
			path = Model;
			sourceTree = "<group>";
		};
		2F0DAB7B219AF98E00217ED5 /* View */ = {
			isa = PBXGroup;
			children = (
				9205F21021AC232F00F5CA73 /* Tutorial */,
				2F0DAB8F219B082400217ED5 /* Study Groups */,
				2F0DAB83219B01D000217ED5 /* Storyboards */,
			);
			path = View;
			sourceTree = "<group>";
		};
		2F0DAB7C219AF99600217ED5 /* Controller */ = {
			isa = PBXGroup;
			children = (
				2F0DABA021A2E5A200217ED5 /* Add Group */,
				2F0DAB8E219B080D00217ED5 /* Study Groups */,
			);
			path = Controller;
			sourceTree = "<group>";
		};
		2F0DAB7E219AFA1200217ED5 /* Frameworks */ = {
			isa = PBXGroup;
			children = (
				2F0DAB81219AFA7C00217ED5 /* CloudKit.framework */,
			);
			name = Frameworks;
			sourceTree = "<group>";
		};
		2F0DAB83219B01D000217ED5 /* Storyboards */ = {
			isa = PBXGroup;
			children = (
				2F0DAB4D219AF37800217ED5 /* Main.storyboard */,
				2F0DAB84219B020000217ED5 /* Groups.storyboard */,
				2F0DAB86219B021C00217ED5 /* Questions.storyboard */,
				2F0DAB88219B022A00217ED5 /* Profile.storyboard */,
				2F0DAB8A219B026300217ED5 /* Missions.storyboard */,
				9205F20E21AC215900F5CA73 /* Tutorial.storyboard */,
				2F3DDEE621ADC34700A97CA2 /* Initial.storyboard */,
			);
			path = Storyboards;
			sourceTree = "<group>";
		};
		2F0DAB8E219B080D00217ED5 /* Study Groups */ = {
			isa = PBXGroup;
			children = (
				2F0DAB8C219B076C00217ED5 /* StudyGroupsViewController.swift */,
			);
			path = "Study Groups";
			sourceTree = "<group>";
		};
		2F0DAB8F219B082400217ED5 /* Study Groups */ = {
			isa = PBXGroup;
			children = (
				2F0DAB98219DC3BE00217ED5 /* GroupsCollectionViewCell.swift */,
				2F0DAB99219DC3BE00217ED5 /* GroupsCollectionViewCell.xib */,
				2F022D6721A3C11D00A1293D /* TagsCollectionViewCell.swift */,
				2F022D6821A3C11D00A1293D /* TagsCollectionViewCell.xib */,
			);
			path = "Study Groups";
			sourceTree = "<group>";
		};
		2F0DABA021A2E5A200217ED5 /* Add Group */ = {
			isa = PBXGroup;
			children = (
				2F0DAB9C21A2E58F00217ED5 /* AddGroupPart1ViewController.swift */,
				2F0DAB9E21A2E59E00217ED5 /* AddGroupPart2ViewController.swift */,
			);
			path = "Add Group";
			sourceTree = "<group>";
		};
		9205F21021AC232F00F5CA73 /* Tutorial */ = {
			isa = PBXGroup;
			children = (
				9205F21121AC238100F5CA73 /* TutorialViewController.swift */,
				9205F21521AC30DD00F5CA73 /* SlideTutorial.xib */,
				9205F21721AC322400F5CA73 /* SlideTutorial.swift */,
				9206BDB521AD6AE50013437F /* FinalTutorial.xib */,
				9206BDB721AD6ED40013437F /* FinalTutorial.swift */,
			);
			path = Tutorial;
			sourceTree = "<group>";
		};
/* End PBXGroup section */

/* Begin PBXNativeTarget section */
		2F0DAB45219AF37800217ED5 /* Pomar */ = {
			isa = PBXNativeTarget;
			buildConfigurationList = 2F0DAB71219AF37A00217ED5 /* Build configuration list for PBXNativeTarget "Pomar" */;
			buildPhases = (
				2F0DAB42219AF37800217ED5 /* Sources */,
				2F0DAB43219AF37800217ED5 /* Frameworks */,
				2F0DAB44219AF37800217ED5 /* Resources */,
			);
			buildRules = (
			);
			dependencies = (
			);
			name = Pomar;
			productName = Pomar;
			productReference = 2F0DAB46219AF37800217ED5 /* Pomar.app */;
			productType = "com.apple.product-type.application";
		};
		2F0DAB5C219AF37A00217ED5 /* PomarTests */ = {
			isa = PBXNativeTarget;
			buildConfigurationList = 2F0DAB74219AF37A00217ED5 /* Build configuration list for PBXNativeTarget "PomarTests" */;
			buildPhases = (
				2F0DAB59219AF37A00217ED5 /* Sources */,
				2F0DAB5A219AF37A00217ED5 /* Frameworks */,
				2F0DAB5B219AF37A00217ED5 /* Resources */,
			);
			buildRules = (
			);
			dependencies = (
				2F0DAB5F219AF37A00217ED5 /* PBXTargetDependency */,
			);
			name = PomarTests;
			productName = PomarTests;
			productReference = 2F0DAB5D219AF37A00217ED5 /* PomarTests.xctest */;
			productType = "com.apple.product-type.bundle.unit-test";
		};
		2F0DAB67219AF37A00217ED5 /* PomarUITests */ = {
			isa = PBXNativeTarget;
			buildConfigurationList = 2F0DAB77219AF37A00217ED5 /* Build configuration list for PBXNativeTarget "PomarUITests" */;
			buildPhases = (
				2F0DAB64219AF37A00217ED5 /* Sources */,
				2F0DAB65219AF37A00217ED5 /* Frameworks */,
				2F0DAB66219AF37A00217ED5 /* Resources */,
			);
			buildRules = (
			);
			dependencies = (
				2F0DAB6A219AF37A00217ED5 /* PBXTargetDependency */,
			);
			name = PomarUITests;
			productName = PomarUITests;
			productReference = 2F0DAB68219AF37A00217ED5 /* PomarUITests.xctest */;
			productType = "com.apple.product-type.bundle.ui-testing";
		};
/* End PBXNativeTarget section */

/* Begin PBXProject section */
		2F0DAB3E219AF37800217ED5 /* Project object */ = {
			isa = PBXProject;
			attributes = {
				LastSwiftUpdateCheck = 1010;
				LastUpgradeCheck = 1010;
				ORGANIZATIONNAME = "Paloma Bispo";
				TargetAttributes = {
					2F0DAB45219AF37800217ED5 = {
						CreatedOnToolsVersion = 10.1;
						SystemCapabilities = {
							com.apple.Push = {
								enabled = 1;
							};
							com.apple.iCloud = {
								enabled = 1;
							};
						};
					};
					2F0DAB5C219AF37A00217ED5 = {
						CreatedOnToolsVersion = 10.1;
						TestTargetID = 2F0DAB45219AF37800217ED5;
					};
					2F0DAB67219AF37A00217ED5 = {
						CreatedOnToolsVersion = 10.1;
						TestTargetID = 2F0DAB45219AF37800217ED5;
					};
				};
			};
			buildConfigurationList = 2F0DAB41219AF37800217ED5 /* Build configuration list for PBXProject "Pomar" */;
			compatibilityVersion = "Xcode 9.3";
			developmentRegion = en;
			hasScannedForEncodings = 0;
			knownRegions = (
				en,
				Base,
			);
			mainGroup = 2F0DAB3D219AF37800217ED5;
			productRefGroup = 2F0DAB47219AF37800217ED5 /* Products */;
			projectDirPath = "";
			projectRoot = "";
			targets = (
				2F0DAB45219AF37800217ED5 /* Pomar */,
				2F0DAB5C219AF37A00217ED5 /* PomarTests */,
				2F0DAB67219AF37A00217ED5 /* PomarUITests */,
			);
		};
/* End PBXProject section */

/* Begin PBXResourcesBuildPhase section */
		2F0DAB44219AF37800217ED5 /* Resources */ = {
			isa = PBXResourcesBuildPhase;
			buildActionMask = 2147483647;
			files = (
				9205F20F21AC215900F5CA73 /* Tutorial.storyboard in Resources */,
				2F0DAB89219B022A00217ED5 /* Profile.storyboard in Resources */,
				2F3DDEE721ADC34700A97CA2 /* Initial.storyboard in Resources */,
				2F022D6A21A3C11D00A1293D /* TagsCollectionViewCell.xib in Resources */,
				2F0DAB85219B020000217ED5 /* Groups.storyboard in Resources */,
				9206BDB621AD6AE50013437F /* FinalTutorial.xib in Resources */,
				2F0DAB87219B021C00217ED5 /* Questions.storyboard in Resources */,
				2F0DAB57219AF37A00217ED5 /* LaunchScreen.storyboard in Resources */,
				2F0DAB9B219DC3BE00217ED5 /* GroupsCollectionViewCell.xib in Resources */,
				2F0DAB8B219B026300217ED5 /* Missions.storyboard in Resources */,
				9205F21621AC30DD00F5CA73 /* SlideTutorial.xib in Resources */,
				2F0DAB54219AF37A00217ED5 /* Assets.xcassets in Resources */,
				2F0DAB4F219AF37800217ED5 /* Main.storyboard in Resources */,
			);
			runOnlyForDeploymentPostprocessing = 0;
		};
		2F0DAB5B219AF37A00217ED5 /* Resources */ = {
			isa = PBXResourcesBuildPhase;
			buildActionMask = 2147483647;
			files = (
			);
			runOnlyForDeploymentPostprocessing = 0;
		};
		2F0DAB66219AF37A00217ED5 /* Resources */ = {
			isa = PBXResourcesBuildPhase;
			buildActionMask = 2147483647;
			files = (
			);
			runOnlyForDeploymentPostprocessing = 0;
		};
/* End PBXResourcesBuildPhase section */

/* Begin PBXSourcesBuildPhase section */
		2F0DAB42219AF37800217ED5 /* Sources */ = {
			isa = PBXSourcesBuildPhase;
			buildActionMask = 2147483647;
			files = (
				2F0DABA421A3505F00217ED5 /* ModelDayPicker.swift in Sources */,
				2F0DAB9F21A2E59E00217ED5 /* AddGroupPart2ViewController.swift in Sources */,
				2F0DAB9A219DC3BE00217ED5 /* GroupsCollectionViewCell.swift in Sources */,
				2F0DABA221A2EB1D00217ED5 /* Validation.swift in Sources */,
				9205F21821AC322400F5CA73 /* SlideTutorial.swift in Sources */,
				2F022D6C21A3D85B00A1293D /* ModelHourPicker.swift in Sources */,
				2F0DAB9D21A2E58F00217ED5 /* AddGroupPart1ViewController.swift in Sources */,
				2F022D6E21A42B7400A1293D /* TextFieldProtocol.swift in Sources */,
				2F0DAB52219AF37800217ED5 /* Pomar.xcdatamodeld in Sources */,
				2F0DAB4A219AF37800217ED5 /* AppDelegate.swift in Sources */,
				2F0DAB8D219B076C00217ED5 /* StudyGroupsViewController.swift in Sources */,
				9205F21321AC238100F5CA73 /* TutorialViewController.swift in Sources */,
				DCE87269219B4FFB008F78BE /* User.swift in Sources */,
				2F022D6921A3C11D00A1293D /* TagsCollectionViewCell.swift in Sources */,
				DCE8726B219C53DF008F78BE /* CKManager.swift in Sources */,
				DCE87275219CB1F9008F78BE /* DaySchedule.swift in Sources */,
				9206BDB821AD6ED40013437F /* FinalTutorial.swift in Sources */,
				DCE87266219B0C8D008F78BE /* Group.swift in Sources */,
			);
			runOnlyForDeploymentPostprocessing = 0;
		};
		2F0DAB59219AF37A00217ED5 /* Sources */ = {
			isa = PBXSourcesBuildPhase;
			buildActionMask = 2147483647;
			files = (
				2F0DAB62219AF37A00217ED5 /* PomarTests.swift in Sources */,
			);
			runOnlyForDeploymentPostprocessing = 0;
		};
		2F0DAB64219AF37A00217ED5 /* Sources */ = {
			isa = PBXSourcesBuildPhase;
			buildActionMask = 2147483647;
			files = (
				2F0DAB6D219AF37A00217ED5 /* PomarUITests.swift in Sources */,
			);
			runOnlyForDeploymentPostprocessing = 0;
		};
/* End PBXSourcesBuildPhase section */

/* Begin PBXTargetDependency section */
		2F0DAB5F219AF37A00217ED5 /* PBXTargetDependency */ = {
			isa = PBXTargetDependency;
			target = 2F0DAB45219AF37800217ED5 /* Pomar */;
			targetProxy = 2F0DAB5E219AF37A00217ED5 /* PBXContainerItemProxy */;
		};
		2F0DAB6A219AF37A00217ED5 /* PBXTargetDependency */ = {
			isa = PBXTargetDependency;
			target = 2F0DAB45219AF37800217ED5 /* Pomar */;
			targetProxy = 2F0DAB69219AF37A00217ED5 /* PBXContainerItemProxy */;
		};
/* End PBXTargetDependency section */

/* Begin PBXVariantGroup section */
		2F0DAB4D219AF37800217ED5 /* Main.storyboard */ = {
			isa = PBXVariantGroup;
			children = (
				2F0DAB4E219AF37800217ED5 /* Base */,
			);
			name = Main.storyboard;
			sourceTree = "<group>";
		};
		2F0DAB55219AF37A00217ED5 /* LaunchScreen.storyboard */ = {
			isa = PBXVariantGroup;
			children = (
				2F0DAB56219AF37A00217ED5 /* Base */,
			);
			name = LaunchScreen.storyboard;
			sourceTree = "<group>";
		};
/* End PBXVariantGroup section */

/* Begin XCBuildConfiguration section */
		2F0DAB6F219AF37A00217ED5 /* Debug */ = {
			isa = XCBuildConfiguration;
			buildSettings = {
				ALWAYS_SEARCH_USER_PATHS = NO;
				CLANG_ANALYZER_NONNULL = YES;
				CLANG_ANALYZER_NUMBER_OBJECT_CONVERSION = YES_AGGRESSIVE;
				CLANG_CXX_LANGUAGE_STANDARD = "gnu++14";
				CLANG_CXX_LIBRARY = "libc++";
				CLANG_ENABLE_MODULES = YES;
				CLANG_ENABLE_OBJC_ARC = YES;
				CLANG_ENABLE_OBJC_WEAK = YES;
				CLANG_WARN_BLOCK_CAPTURE_AUTORELEASING = YES;
				CLANG_WARN_BOOL_CONVERSION = YES;
				CLANG_WARN_COMMA = YES;
				CLANG_WARN_CONSTANT_CONVERSION = YES;
				CLANG_WARN_DEPRECATED_OBJC_IMPLEMENTATIONS = YES;
				CLANG_WARN_DIRECT_OBJC_ISA_USAGE = YES_ERROR;
				CLANG_WARN_DOCUMENTATION_COMMENTS = YES;
				CLANG_WARN_EMPTY_BODY = YES;
				CLANG_WARN_ENUM_CONVERSION = YES;
				CLANG_WARN_INFINITE_RECURSION = YES;
				CLANG_WARN_INT_CONVERSION = YES;
				CLANG_WARN_NON_LITERAL_NULL_CONVERSION = YES;
				CLANG_WARN_OBJC_IMPLICIT_RETAIN_SELF = YES;
				CLANG_WARN_OBJC_LITERAL_CONVERSION = YES;
				CLANG_WARN_OBJC_ROOT_CLASS = YES_ERROR;
				CLANG_WARN_RANGE_LOOP_ANALYSIS = YES;
				CLANG_WARN_STRICT_PROTOTYPES = YES;
				CLANG_WARN_SUSPICIOUS_MOVE = YES;
				CLANG_WARN_UNGUARDED_AVAILABILITY = YES_AGGRESSIVE;
				CLANG_WARN_UNREACHABLE_CODE = YES;
				CLANG_WARN__DUPLICATE_METHOD_MATCH = YES;
				CODE_SIGN_IDENTITY = "iPhone Developer";
				COPY_PHASE_STRIP = NO;
				DEBUG_INFORMATION_FORMAT = dwarf;
				ENABLE_STRICT_OBJC_MSGSEND = YES;
				ENABLE_TESTABILITY = YES;
				GCC_C_LANGUAGE_STANDARD = gnu11;
				GCC_DYNAMIC_NO_PIC = NO;
				GCC_NO_COMMON_BLOCKS = YES;
				GCC_OPTIMIZATION_LEVEL = 0;
				GCC_PREPROCESSOR_DEFINITIONS = (
					"DEBUG=1",
					"$(inherited)",
				);
				GCC_WARN_64_TO_32_BIT_CONVERSION = YES;
				GCC_WARN_ABOUT_RETURN_TYPE = YES_ERROR;
				GCC_WARN_UNDECLARED_SELECTOR = YES;
				GCC_WARN_UNINITIALIZED_AUTOS = YES_AGGRESSIVE;
				GCC_WARN_UNUSED_FUNCTION = YES;
				GCC_WARN_UNUSED_VARIABLE = YES;
				IPHONEOS_DEPLOYMENT_TARGET = 12.1;
				MTL_ENABLE_DEBUG_INFO = INCLUDE_SOURCE;
				MTL_FAST_MATH = YES;
				ONLY_ACTIVE_ARCH = YES;
				SDKROOT = iphoneos;
				SWIFT_ACTIVE_COMPILATION_CONDITIONS = DEBUG;
				SWIFT_OPTIMIZATION_LEVEL = "-Onone";
			};
			name = Debug;
		};
		2F0DAB70219AF37A00217ED5 /* Release */ = {
			isa = XCBuildConfiguration;
			buildSettings = {
				ALWAYS_SEARCH_USER_PATHS = NO;
				CLANG_ANALYZER_NONNULL = YES;
				CLANG_ANALYZER_NUMBER_OBJECT_CONVERSION = YES_AGGRESSIVE;
				CLANG_CXX_LANGUAGE_STANDARD = "gnu++14";
				CLANG_CXX_LIBRARY = "libc++";
				CLANG_ENABLE_MODULES = YES;
				CLANG_ENABLE_OBJC_ARC = YES;
				CLANG_ENABLE_OBJC_WEAK = YES;
				CLANG_WARN_BLOCK_CAPTURE_AUTORELEASING = YES;
				CLANG_WARN_BOOL_CONVERSION = YES;
				CLANG_WARN_COMMA = YES;
				CLANG_WARN_CONSTANT_CONVERSION = YES;
				CLANG_WARN_DEPRECATED_OBJC_IMPLEMENTATIONS = YES;
				CLANG_WARN_DIRECT_OBJC_ISA_USAGE = YES_ERROR;
				CLANG_WARN_DOCUMENTATION_COMMENTS = YES;
				CLANG_WARN_EMPTY_BODY = YES;
				CLANG_WARN_ENUM_CONVERSION = YES;
				CLANG_WARN_INFINITE_RECURSION = YES;
				CLANG_WARN_INT_CONVERSION = YES;
				CLANG_WARN_NON_LITERAL_NULL_CONVERSION = YES;
				CLANG_WARN_OBJC_IMPLICIT_RETAIN_SELF = YES;
				CLANG_WARN_OBJC_LITERAL_CONVERSION = YES;
				CLANG_WARN_OBJC_ROOT_CLASS = YES_ERROR;
				CLANG_WARN_RANGE_LOOP_ANALYSIS = YES;
				CLANG_WARN_STRICT_PROTOTYPES = YES;
				CLANG_WARN_SUSPICIOUS_MOVE = YES;
				CLANG_WARN_UNGUARDED_AVAILABILITY = YES_AGGRESSIVE;
				CLANG_WARN_UNREACHABLE_CODE = YES;
				CLANG_WARN__DUPLICATE_METHOD_MATCH = YES;
				CODE_SIGN_IDENTITY = "iPhone Developer";
				COPY_PHASE_STRIP = NO;
				DEBUG_INFORMATION_FORMAT = "dwarf-with-dsym";
				ENABLE_NS_ASSERTIONS = NO;
				ENABLE_STRICT_OBJC_MSGSEND = YES;
				GCC_C_LANGUAGE_STANDARD = gnu11;
				GCC_NO_COMMON_BLOCKS = YES;
				GCC_WARN_64_TO_32_BIT_CONVERSION = YES;
				GCC_WARN_ABOUT_RETURN_TYPE = YES_ERROR;
				GCC_WARN_UNDECLARED_SELECTOR = YES;
				GCC_WARN_UNINITIALIZED_AUTOS = YES_AGGRESSIVE;
				GCC_WARN_UNUSED_FUNCTION = YES;
				GCC_WARN_UNUSED_VARIABLE = YES;
				IPHONEOS_DEPLOYMENT_TARGET = 12.1;
				MTL_ENABLE_DEBUG_INFO = NO;
				MTL_FAST_MATH = YES;
				SDKROOT = iphoneos;
				SWIFT_COMPILATION_MODE = wholemodule;
				SWIFT_OPTIMIZATION_LEVEL = "-O";
				VALIDATE_PRODUCT = YES;
			};
			name = Release;
		};
		2F0DAB72219AF37A00217ED5 /* Debug */ = {
			isa = XCBuildConfiguration;
			buildSettings = {
				ASSETCATALOG_COMPILER_APPICON_NAME = AppIcon;
				CODE_SIGN_ENTITLEMENTS = Pomar/Pomar.entitlements;
				CODE_SIGN_STYLE = Automatic;
				DEVELOPMENT_TEAM = "";
				INFOPLIST_FILE = Pomar/Info.plist;
				IPHONEOS_DEPLOYMENT_TARGET = 12.0;
				LD_RUNPATH_SEARCH_PATHS = (
					"$(inherited)",
					"@executable_path/Frameworks",
				);
				PRODUCT_BUNDLE_IDENTIFIER = "Paloma-Bispo.Pomar";
				PRODUCT_NAME = "$(TARGET_NAME)";
				SWIFT_VERSION = 4.2;
				TARGETED_DEVICE_FAMILY = "1,2";
			};
			name = Debug;
		};
		2F0DAB73219AF37A00217ED5 /* Release */ = {
			isa = XCBuildConfiguration;
			buildSettings = {
				ASSETCATALOG_COMPILER_APPICON_NAME = AppIcon;
				CODE_SIGN_ENTITLEMENTS = Pomar/Pomar.entitlements;
				CODE_SIGN_STYLE = Automatic;
				DEVELOPMENT_TEAM = "";
				INFOPLIST_FILE = Pomar/Info.plist;
				IPHONEOS_DEPLOYMENT_TARGET = 12.0;
				LD_RUNPATH_SEARCH_PATHS = (
					"$(inherited)",
					"@executable_path/Frameworks",
				);
				PRODUCT_BUNDLE_IDENTIFIER = "Paloma-Bispo.Pomar";
				PRODUCT_NAME = "$(TARGET_NAME)";
				SWIFT_VERSION = 4.2;
				TARGETED_DEVICE_FAMILY = "1,2";
			};
			name = Release;
		};
		2F0DAB75219AF37A00217ED5 /* Debug */ = {
			isa = XCBuildConfiguration;
			buildSettings = {
				ALWAYS_EMBED_SWIFT_STANDARD_LIBRARIES = YES;
				BUNDLE_LOADER = "$(TEST_HOST)";
				CODE_SIGN_STYLE = Automatic;
				DEVELOPMENT_TEAM = MQ922JMCL6;
				INFOPLIST_FILE = PomarTests/Info.plist;
				LD_RUNPATH_SEARCH_PATHS = (
					"$(inherited)",
					"@executable_path/Frameworks",
					"@loader_path/Frameworks",
				);
				PRODUCT_BUNDLE_IDENTIFIER = "Paloma-Bispo.PomarTests";
				PRODUCT_NAME = "$(TARGET_NAME)";
				SWIFT_VERSION = 4.2;
				TARGETED_DEVICE_FAMILY = "1,2";
				TEST_HOST = "$(BUILT_PRODUCTS_DIR)/Pomar.app/Pomar";
			};
			name = Debug;
		};
		2F0DAB76219AF37A00217ED5 /* Release */ = {
			isa = XCBuildConfiguration;
			buildSettings = {
				ALWAYS_EMBED_SWIFT_STANDARD_LIBRARIES = YES;
				BUNDLE_LOADER = "$(TEST_HOST)";
				CODE_SIGN_STYLE = Automatic;
				DEVELOPMENT_TEAM = MQ922JMCL6;
				INFOPLIST_FILE = PomarTests/Info.plist;
				LD_RUNPATH_SEARCH_PATHS = (
					"$(inherited)",
					"@executable_path/Frameworks",
					"@loader_path/Frameworks",
				);
				PRODUCT_BUNDLE_IDENTIFIER = "Paloma-Bispo.PomarTests";
				PRODUCT_NAME = "$(TARGET_NAME)";
				SWIFT_VERSION = 4.2;
				TARGETED_DEVICE_FAMILY = "1,2";
				TEST_HOST = "$(BUILT_PRODUCTS_DIR)/Pomar.app/Pomar";
			};
			name = Release;
		};
		2F0DAB78219AF37A00217ED5 /* Debug */ = {
			isa = XCBuildConfiguration;
			buildSettings = {
				ALWAYS_EMBED_SWIFT_STANDARD_LIBRARIES = YES;
				CODE_SIGN_STYLE = Automatic;
				DEVELOPMENT_TEAM = MQ922JMCL6;
				INFOPLIST_FILE = PomarUITests/Info.plist;
				LD_RUNPATH_SEARCH_PATHS = (
					"$(inherited)",
					"@executable_path/Frameworks",
					"@loader_path/Frameworks",
				);
				PRODUCT_BUNDLE_IDENTIFIER = "Paloma-Bispo.PomarUITests";
				PRODUCT_NAME = "$(TARGET_NAME)";
				SWIFT_VERSION = 4.2;
				TARGETED_DEVICE_FAMILY = "1,2";
				TEST_TARGET_NAME = Pomar;
			};
			name = Debug;
		};
		2F0DAB79219AF37A00217ED5 /* Release */ = {
			isa = XCBuildConfiguration;
			buildSettings = {
				ALWAYS_EMBED_SWIFT_STANDARD_LIBRARIES = YES;
				CODE_SIGN_STYLE = Automatic;
				DEVELOPMENT_TEAM = MQ922JMCL6;
				INFOPLIST_FILE = PomarUITests/Info.plist;
				LD_RUNPATH_SEARCH_PATHS = (
					"$(inherited)",
					"@executable_path/Frameworks",
					"@loader_path/Frameworks",
				);
				PRODUCT_BUNDLE_IDENTIFIER = "Paloma-Bispo.PomarUITests";
				PRODUCT_NAME = "$(TARGET_NAME)";
				SWIFT_VERSION = 4.2;
				TARGETED_DEVICE_FAMILY = "1,2";
				TEST_TARGET_NAME = Pomar;
			};
			name = Release;
		};
/* End XCBuildConfiguration section */

/* Begin XCConfigurationList section */
		2F0DAB41219AF37800217ED5 /* Build configuration list for PBXProject "Pomar" */ = {
			isa = XCConfigurationList;
			buildConfigurations = (
				2F0DAB6F219AF37A00217ED5 /* Debug */,
				2F0DAB70219AF37A00217ED5 /* Release */,
			);
			defaultConfigurationIsVisible = 0;
			defaultConfigurationName = Release;
		};
		2F0DAB71219AF37A00217ED5 /* Build configuration list for PBXNativeTarget "Pomar" */ = {
			isa = XCConfigurationList;
			buildConfigurations = (
				2F0DAB72219AF37A00217ED5 /* Debug */,
				2F0DAB73219AF37A00217ED5 /* Release */,
			);
			defaultConfigurationIsVisible = 0;
			defaultConfigurationName = Release;
		};
		2F0DAB74219AF37A00217ED5 /* Build configuration list for PBXNativeTarget "PomarTests" */ = {
			isa = XCConfigurationList;
			buildConfigurations = (
				2F0DAB75219AF37A00217ED5 /* Debug */,
				2F0DAB76219AF37A00217ED5 /* Release */,
			);
			defaultConfigurationIsVisible = 0;
			defaultConfigurationName = Release;
		};
		2F0DAB77219AF37A00217ED5 /* Build configuration list for PBXNativeTarget "PomarUITests" */ = {
			isa = XCConfigurationList;
			buildConfigurations = (
				2F0DAB78219AF37A00217ED5 /* Debug */,
				2F0DAB79219AF37A00217ED5 /* Release */,
			);
			defaultConfigurationIsVisible = 0;
			defaultConfigurationName = Release;
		};
/* End XCConfigurationList section */

/* Begin XCVersionGroup section */
		2F0DAB50219AF37800217ED5 /* Pomar.xcdatamodeld */ = {
			isa = XCVersionGroup;
			children = (
				2F0DAB51219AF37800217ED5 /* Pomar.xcdatamodel */,
			);
			currentVersion = 2F0DAB51219AF37800217ED5 /* Pomar.xcdatamodel */;
			path = Pomar.xcdatamodeld;
			sourceTree = "<group>";
			versionGroupType = wrapper.xcdatamodel;
		};
/* End XCVersionGroup section */
	};
	rootObject = 2F0DAB3E219AF37800217ED5 /* Project object */;
}
